// !$*UTF8*$!
{
	archiveVersion = 1;
	classes = {
	};
	objectVersion = 55;
	objects = {

/* Begin PBXBuildFile section */
		879A266127079EC900CCD1DD /* Assets.xcassets in Resources */ = {isa = PBXBuildFile; fileRef = 879A264F27079EC900CCD1DD /* Assets.xcassets */; };
		87BB878727A57FB4000B269B /* CombineRequest in Frameworks */ = {isa = PBXBuildFile; productRef = 87BB878627A57FB4000B269B /* CombineRequest */; };
		87BB87CE27A581A8000B269B /* TodoApp.swift in Sources */ = {isa = PBXBuildFile; fileRef = 87BB879227A581A8000B269B /* TodoApp.swift */; };
		87BB87D627A581A8000B269B /* MainView.swift in Sources */ = {isa = PBXBuildFile; fileRef = 87BB879927A581A8000B269B /* MainView.swift */; };
		87BB87DE27A581A8000B269B /* CounterView.swift in Sources */ = {isa = PBXBuildFile; fileRef = 87BB879E27A581A8000B269B /* CounterView.swift */; };
		87BB87E627A581A8000B269B /* AuthView.swift in Sources */ = {isa = PBXBuildFile; fileRef = 87BB87A327A581A8000B269B /* AuthView.swift */; };
		87BB880627A581A8000B269B /* RootView.swift in Sources */ = {isa = PBXBuildFile; fileRef = 87BB87B627A581A8000B269B /* RootView.swift */; };
		87BB880E27A581A8000B269B /* TodoModel.swift in Sources */ = {isa = PBXBuildFile; fileRef = 87BB87BD27A581A8000B269B /* TodoModel.swift */; };
		EB5C21572AB1A229004F53C7 /* ComposableArchitecture in Frameworks */ = {isa = PBXBuildFile; productRef = EB5C21562AB1A229004F53C7 /* ComposableArchitecture */; };
		EB5C215D2AB1A250004F53C7 /* Transform in Frameworks */ = {isa = PBXBuildFile; productRef = EB5C215C2AB1A250004F53C7 /* Transform */; };
		EB5C215F2AB1A2A9004F53C7 /* Exports.swift in Sources */ = {isa = PBXBuildFile; fileRef = EB5C215E2AB1A2A9004F53C7 /* Exports.swift */; };
		EBA4697B2ACE91440060376F /* Json in Frameworks */ = {isa = PBXBuildFile; productRef = EBA4697A2ACE91440060376F /* Json */; };
		EBA4697E2ACE91E10060376F /* SwiftLogger in Frameworks */ = {isa = PBXBuildFile; productRef = EBA4697D2ACE91E10060376F /* SwiftLogger */; };
/* End PBXBuildFile section */

/* Begin PBXFileReference section */
		879A264F27079EC900CCD1DD /* Assets.xcassets */ = {isa = PBXFileReference; lastKnownFileType = folder.assetcatalog; path = Assets.xcassets; sourceTree = "<group>"; };
		879A265427079EC900CCD1DD /* Todo+Combine+SwiftUI.app */ = {isa = PBXFileReference; explicitFileType = wrapper.application; includeInIndex = 0; path = "Todo+Combine+SwiftUI.app"; sourceTree = BUILT_PRODUCTS_DIR; };
		879A265C27079EC900CCD1DD /* macOS.entitlements */ = {isa = PBXFileReference; lastKnownFileType = text.plist.entitlements; path = macOS.entitlements; sourceTree = "<group>"; };
		87BB879227A581A8000B269B /* TodoApp.swift */ = {isa = PBXFileReference; fileEncoding = 4; lastKnownFileType = sourcecode.swift; path = TodoApp.swift; sourceTree = "<group>"; };
		87BB879927A581A8000B269B /* MainView.swift */ = {isa = PBXFileReference; fileEncoding = 4; lastKnownFileType = sourcecode.swift; path = MainView.swift; sourceTree = "<group>"; };
		87BB879E27A581A8000B269B /* CounterView.swift */ = {isa = PBXFileReference; fileEncoding = 4; lastKnownFileType = sourcecode.swift; path = CounterView.swift; sourceTree = "<group>"; };
		87BB87A327A581A8000B269B /* AuthView.swift */ = {isa = PBXFileReference; fileEncoding = 4; lastKnownFileType = sourcecode.swift; path = AuthView.swift; sourceTree = "<group>"; };
		87BB87B627A581A8000B269B /* RootView.swift */ = {isa = PBXFileReference; fileEncoding = 4; lastKnownFileType = sourcecode.swift; path = RootView.swift; sourceTree = "<group>"; };
		87BB87BD27A581A8000B269B /* TodoModel.swift */ = {isa = PBXFileReference; fileEncoding = 4; lastKnownFileType = sourcecode.swift; path = TodoModel.swift; sourceTree = "<group>"; };
		EB5C215E2AB1A2A9004F53C7 /* Exports.swift */ = {isa = PBXFileReference; lastKnownFileType = sourcecode.swift; path = Exports.swift; sourceTree = "<group>"; };
/* End PBXFileReference section */

/* Begin PBXFrameworksBuildPhase section */
		879A265127079EC900CCD1DD /* Frameworks */ = {
			isa = PBXFrameworksBuildPhase;
			buildActionMask = 2147483647;
			files = (
				EB5C215D2AB1A250004F53C7 /* Transform in Frameworks */,
				87BB878727A57FB4000B269B /* CombineRequest in Frameworks */,
				EBA4697E2ACE91E10060376F /* SwiftLogger in Frameworks */,
				EBA4697B2ACE91440060376F /* Json in Frameworks */,
				EB5C21572AB1A229004F53C7 /* ComposableArchitecture in Frameworks */,
			);
			runOnlyForDeploymentPostprocessing = 0;
		};
/* End PBXFrameworksBuildPhase section */

/* Begin PBXGroup section */
		879A264727079EC800CCD1DD = {
			isa = PBXGroup;
			children = (
				879A264C27079EC800CCD1DD /* Shared */,
				879A265B27079EC900CCD1DD /* macOS */,
				879A265527079EC900CCD1DD /* Products */,
				879A267727079F2500CCD1DD /* Frameworks */,
			);
			sourceTree = "<group>";
		};
		879A264C27079EC800CCD1DD /* Shared */ = {
			isa = PBXGroup;
			children = (
				87BB878F27A581A8000B269B /* CoreApp */,
				879A264F27079EC900CCD1DD /* Assets.xcassets */,
			);
			path = Shared;
			sourceTree = "<group>";
		};
		879A265527079EC900CCD1DD /* Products */ = {
			isa = PBXGroup;
			children = (
				879A265427079EC900CCD1DD /* Todo+Combine+SwiftUI.app */,
			);
			name = Products;
			sourceTree = "<group>";
		};
		879A265B27079EC900CCD1DD /* macOS */ = {
			isa = PBXGroup;
			children = (
				879A265C27079EC900CCD1DD /* macOS.entitlements */,
			);
			path = macOS;
			sourceTree = "<group>";
		};
		879A267727079F2500CCD1DD /* Frameworks */ = {
			isa = PBXGroup;
			children = (
			);
			name = Frameworks;
			sourceTree = "<group>";
		};
		87BB878F27A581A8000B269B /* CoreApp */ = {
			isa = PBXGroup;
			children = (
				87BB879227A581A8000B269B /* TodoApp.swift */,
				87BB879327A581A8000B269B /* TodoApp */,
				EB5C215E2AB1A2A9004F53C7 /* Exports.swift */,
			);
			path = CoreApp;
			sourceTree = "<group>";
		};
		87BB879327A581A8000B269B /* TodoApp */ = {
			isa = PBXGroup;
			children = (
				87BB879427A581A8000B269B /* Views */,
				87BB87BB27A581A8000B269B /* Models */,
			);
			path = TodoApp;
			sourceTree = "<group>";
		};
		87BB879427A581A8000B269B /* Views */ = {
			isa = PBXGroup;
			children = (
				87BB87B627A581A8000B269B /* RootView.swift */,
				87BB879927A581A8000B269B /* MainView.swift */,
				87BB87A327A581A8000B269B /* AuthView.swift */,
				87BB879E27A581A8000B269B /* CounterView.swift */,
			);
			path = Views;
			sourceTree = "<group>";
		};
		87BB87BB27A581A8000B269B /* Models */ = {
			isa = PBXGroup;
			children = (
				87BB87BD27A581A8000B269B /* TodoModel.swift */,
			);
			path = Models;
			sourceTree = "<group>";
		};
/* End PBXGroup section */

/* Begin PBXNativeTarget section */
		879A265327079EC900CCD1DD /* Todo+Combine+SwiftUI (iOS) */ = {
			isa = PBXNativeTarget;
			buildConfigurationList = 879A266527079EC900CCD1DD /* Build configuration list for PBXNativeTarget "Todo+Combine+SwiftUI (iOS)" */;
			buildPhases = (
				879A265027079EC900CCD1DD /* Sources */,
				879A265127079EC900CCD1DD /* Frameworks */,
				879A265227079EC900CCD1DD /* Resources */,
			);
			buildRules = (
			);
			dependencies = (
			);
			name = "Todo+Combine+SwiftUI (iOS)";
			packageProductDependencies = (
				87BB878627A57FB4000B269B /* CombineRequest */,
				EB5C21562AB1A229004F53C7 /* ComposableArchitecture */,
				EB5C215C2AB1A250004F53C7 /* Transform */,
				EBA4697A2ACE91440060376F /* Json */,
				EBA4697D2ACE91E10060376F /* SwiftLogger */,
			);
			productName = "Todo+Combine+SwiftUI (iOS)";
			productReference = 879A265427079EC900CCD1DD /* Todo+Combine+SwiftUI.app */;
			productType = "com.apple.product-type.application";
		};
/* End PBXNativeTarget section */

/* Begin PBXProject section */
		879A264827079EC800CCD1DD /* Project object */ = {
			isa = PBXProject;
			attributes = {
				BuildIndependentTargetsInParallel = 1;
				LastSwiftUpdateCheck = 1300;
				LastUpgradeCheck = 1500;
				TargetAttributes = {
					879A265327079EC900CCD1DD = {
						CreatedOnToolsVersion = 13.0;
					};
				};
			};
			buildConfigurationList = 879A264B27079EC800CCD1DD /* Build configuration list for PBXProject "Todo+Combine+SwiftUI" */;
			compatibilityVersion = "Xcode 13.0";
			developmentRegion = en;
			hasScannedForEncodings = 0;
			knownRegions = (
				en,
				Base,
			);
			mainGroup = 879A264727079EC800CCD1DD;
			packageReferences = (
				87BB878527A57FB4000B269B /* XCRemoteSwiftPackageReference "Networking" */,
				87BB878827A58015000B269B /* XCRemoteSwiftPackageReference "SwiftExtension" */,
				EB5C21552AB1A229004F53C7 /* XCRemoteSwiftPackageReference "swift-composable-architecture" */,
				EBA469792ACE91440060376F /* XCRemoteSwiftPackageReference "swift-json" */,
				EBA4697C2ACE915D0060376F /* XCRemoteSwiftPackageReference "swift-logger" */,
			);
			productRefGroup = 879A265527079EC900CCD1DD /* Products */;
			projectDirPath = "";
			projectRoot = "";
			targets = (
				879A265327079EC900CCD1DD /* Todo+Combine+SwiftUI (iOS) */,
			);
		};
/* End PBXProject section */

/* Begin PBXResourcesBuildPhase section */
		879A265227079EC900CCD1DD /* Resources */ = {
			isa = PBXResourcesBuildPhase;
			buildActionMask = 2147483647;
			files = (
				879A266127079EC900CCD1DD /* Assets.xcassets in Resources */,
			);
			runOnlyForDeploymentPostprocessing = 0;
		};
/* End PBXResourcesBuildPhase section */

/* Begin PBXSourcesBuildPhase section */
		879A265027079EC900CCD1DD /* Sources */ = {
			isa = PBXSourcesBuildPhase;
			buildActionMask = 2147483647;
			files = (
				87BB87E627A581A8000B269B /* AuthView.swift in Sources */,
				87BB880E27A581A8000B269B /* TodoModel.swift in Sources */,
				87BB87D627A581A8000B269B /* MainView.swift in Sources */,
				87BB880627A581A8000B269B /* RootView.swift in Sources */,
				87BB87CE27A581A8000B269B /* TodoApp.swift in Sources */,
				87BB87DE27A581A8000B269B /* CounterView.swift in Sources */,
				EB5C215F2AB1A2A9004F53C7 /* Exports.swift in Sources */,
			);
			runOnlyForDeploymentPostprocessing = 0;
		};
/* End PBXSourcesBuildPhase section */

/* Begin XCBuildConfiguration section */
		879A266327079EC900CCD1DD /* Debug */ = {
			isa = XCBuildConfiguration;
			buildSettings = {
				ALWAYS_SEARCH_USER_PATHS = NO;
				ASSETCATALOG_COMPILER_GENERATE_SWIFT_ASSET_SYMBOL_EXTENSIONS = YES;
				CLANG_ANALYZER_NONNULL = YES;
				CLANG_ANALYZER_NUMBER_OBJECT_CONVERSION = YES_AGGRESSIVE;
				CLANG_CXX_LANGUAGE_STANDARD = "gnu++17";
				CLANG_CXX_LIBRARY = "libc++";
				CLANG_ENABLE_MODULES = YES;
				CLANG_ENABLE_OBJC_ARC = YES;
				CLANG_ENABLE_OBJC_WEAK = YES;
				CLANG_WARN_BLOCK_CAPTURE_AUTORELEASING = YES;
				CLANG_WARN_BOOL_CONVERSION = YES;
				CLANG_WARN_COMMA = YES;
				CLANG_WARN_CONSTANT_CONVERSION = YES;
				CLANG_WARN_DEPRECATED_OBJC_IMPLEMENTATIONS = YES;
				CLANG_WARN_DIRECT_OBJC_ISA_USAGE = YES_ERROR;
				CLANG_WARN_DOCUMENTATION_COMMENTS = YES;
				CLANG_WARN_EMPTY_BODY = YES;
				CLANG_WARN_ENUM_CONVERSION = YES;
				CLANG_WARN_INFINITE_RECURSION = YES;
				CLANG_WARN_INT_CONVERSION = YES;
				CLANG_WARN_NON_LITERAL_NULL_CONVERSION = YES;
				CLANG_WARN_OBJC_IMPLICIT_RETAIN_SELF = YES;
				CLANG_WARN_OBJC_LITERAL_CONVERSION = YES;
				CLANG_WARN_OBJC_ROOT_CLASS = YES_ERROR;
				CLANG_WARN_QUOTED_INCLUDE_IN_FRAMEWORK_HEADER = YES;
				CLANG_WARN_RANGE_LOOP_ANALYSIS = YES;
				CLANG_WARN_STRICT_PROTOTYPES = YES;
				CLANG_WARN_SUSPICIOUS_MOVE = YES;
				CLANG_WARN_UNGUARDED_AVAILABILITY = YES_AGGRESSIVE;
				CLANG_WARN_UNREACHABLE_CODE = YES;
				CLANG_WARN__DUPLICATE_METHOD_MATCH = YES;
				COPY_PHASE_STRIP = NO;
				DEAD_CODE_STRIPPING = YES;
				DEBUG_INFORMATION_FORMAT = dwarf;
				ENABLE_STRICT_OBJC_MSGSEND = YES;
				ENABLE_TESTABILITY = YES;
				ENABLE_USER_SCRIPT_SANDBOXING = YES;
				GCC_C_LANGUAGE_STANDARD = gnu11;
				GCC_DYNAMIC_NO_PIC = NO;
				GCC_NO_COMMON_BLOCKS = YES;
				GCC_OPTIMIZATION_LEVEL = 0;
				GCC_PREPROCESSOR_DEFINITIONS = (
					"DEBUG=1",
					"$(inherited)",
				);
				GCC_WARN_64_TO_32_BIT_CONVERSION = YES;
				GCC_WARN_ABOUT_RETURN_TYPE = YES_ERROR;
				GCC_WARN_UNDECLARED_SELECTOR = YES;
				GCC_WARN_UNINITIALIZED_AUTOS = YES_AGGRESSIVE;
				GCC_WARN_UNUSED_FUNCTION = YES;
				GCC_WARN_UNUSED_VARIABLE = YES;
				IPHONEOS_DEPLOYMENT_TARGET = 13.0;
				MTL_ENABLE_DEBUG_INFO = INCLUDE_SOURCE;
				MTL_FAST_MATH = YES;
				ONLY_ACTIVE_ARCH = YES;
				SWIFT_ACTIVE_COMPILATION_CONDITIONS = DEBUG;
				SWIFT_OPTIMIZATION_LEVEL = "-Onone";
			};
			name = Debug;
		};
		879A266427079EC900CCD1DD /* Release */ = {
			isa = XCBuildConfiguration;
			buildSettings = {
				ALWAYS_SEARCH_USER_PATHS = NO;
				ASSETCATALOG_COMPILER_GENERATE_SWIFT_ASSET_SYMBOL_EXTENSIONS = YES;
				CLANG_ANALYZER_NONNULL = YES;
				CLANG_ANALYZER_NUMBER_OBJECT_CONVERSION = YES_AGGRESSIVE;
				CLANG_CXX_LANGUAGE_STANDARD = "gnu++17";
				CLANG_CXX_LIBRARY = "libc++";
				CLANG_ENABLE_MODULES = YES;
				CLANG_ENABLE_OBJC_ARC = YES;
				CLANG_ENABLE_OBJC_WEAK = YES;
				CLANG_WARN_BLOCK_CAPTURE_AUTORELEASING = YES;
				CLANG_WARN_BOOL_CONVERSION = YES;
				CLANG_WARN_COMMA = YES;
				CLANG_WARN_CONSTANT_CONVERSION = YES;
				CLANG_WARN_DEPRECATED_OBJC_IMPLEMENTATIONS = YES;
				CLANG_WARN_DIRECT_OBJC_ISA_USAGE = YES_ERROR;
				CLANG_WARN_DOCUMENTATION_COMMENTS = YES;
				CLANG_WARN_EMPTY_BODY = YES;
				CLANG_WARN_ENUM_CONVERSION = YES;
				CLANG_WARN_INFINITE_RECURSION = YES;
				CLANG_WARN_INT_CONVERSION = YES;
				CLANG_WARN_NON_LITERAL_NULL_CONVERSION = YES;
				CLANG_WARN_OBJC_IMPLICIT_RETAIN_SELF = YES;
				CLANG_WARN_OBJC_LITERAL_CONVERSION = YES;
				CLANG_WARN_OBJC_ROOT_CLASS = YES_ERROR;
				CLANG_WARN_QUOTED_INCLUDE_IN_FRAMEWORK_HEADER = YES;
				CLANG_WARN_RANGE_LOOP_ANALYSIS = YES;
				CLANG_WARN_STRICT_PROTOTYPES = YES;
				CLANG_WARN_SUSPICIOUS_MOVE = YES;
				CLANG_WARN_UNGUARDED_AVAILABILITY = YES_AGGRESSIVE;
				CLANG_WARN_UNREACHABLE_CODE = YES;
				CLANG_WARN__DUPLICATE_METHOD_MATCH = YES;
				COPY_PHASE_STRIP = NO;
				DEAD_CODE_STRIPPING = YES;
				DEBUG_INFORMATION_FORMAT = "dwarf-with-dsym";
				ENABLE_NS_ASSERTIONS = NO;
				ENABLE_STRICT_OBJC_MSGSEND = YES;
				ENABLE_USER_SCRIPT_SANDBOXING = YES;
				GCC_C_LANGUAGE_STANDARD = gnu11;
				GCC_NO_COMMON_BLOCKS = YES;
				GCC_WARN_64_TO_32_BIT_CONVERSION = YES;
				GCC_WARN_ABOUT_RETURN_TYPE = YES_ERROR;
				GCC_WARN_UNDECLARED_SELECTOR = YES;
				GCC_WARN_UNINITIALIZED_AUTOS = YES_AGGRESSIVE;
				GCC_WARN_UNUSED_FUNCTION = YES;
				GCC_WARN_UNUSED_VARIABLE = YES;
				IPHONEOS_DEPLOYMENT_TARGET = 13.0;
				MTL_ENABLE_DEBUG_INFO = NO;
				MTL_FAST_MATH = YES;
				SWIFT_COMPILATION_MODE = wholemodule;
				SWIFT_OPTIMIZATION_LEVEL = "-O";
			};
			name = Release;
		};
		879A266627079EC900CCD1DD /* Debug */ = {
			isa = XCBuildConfiguration;
			buildSettings = {
				ASSETCATALOG_COMPILER_APPICON_NAME = AppIcon;
				ASSETCATALOG_COMPILER_GLOBAL_ACCENT_COLOR_NAME = AccentColor;
				CODE_SIGN_IDENTITY = "Apple Development";
				CODE_SIGN_STYLE = Automatic;
				CURRENT_PROJECT_VERSION = 1;
				DEVELOPMENT_TEAM = 2H5PN3F9B6;
				ENABLE_PREVIEWS = YES;
				GENERATE_INFOPLIST_FILE = YES;
				INFOPLIST_KEY_UIApplicationSceneManifest_Generation = YES;
				INFOPLIST_KEY_UIApplicationSupportsIndirectInputEvents = YES;
				INFOPLIST_KEY_UILaunchScreen_Generation = YES;
				INFOPLIST_KEY_UISupportedInterfaceOrientations_iPad = "UIInterfaceOrientationPortrait UIInterfaceOrientationPortraitUpsideDown UIInterfaceOrientationLandscapeLeft UIInterfaceOrientationLandscapeRight";
				INFOPLIST_KEY_UISupportedInterfaceOrientations_iPhone = "UIInterfaceOrientationPortrait UIInterfaceOrientationLandscapeLeft UIInterfaceOrientationLandscapeRight";
				IPHONEOS_DEPLOYMENT_TARGET = 17.0;
				LD_RUNPATH_SEARCH_PATHS = (
					"$(inherited)",
					"@executable_path/Frameworks",
				);
				MARKETING_VERSION = 1.0;
				PRODUCT_BUNDLE_IDENTIFIER = "mike.fullstackswift.Todo-Combine-SwiftUI";
				PRODUCT_NAME = "Todo+Combine+SwiftUI";
				PROVISIONING_PROFILE_SPECIFIER = "";
				SDKROOT = iphoneos;
				SWIFT_EMIT_LOC_STRINGS = YES;
				SWIFT_VERSION = 5.0;
				TARGETED_DEVICE_FAMILY = "1,2";
			};
			name = Debug;
		};
		879A266727079EC900CCD1DD /* Release */ = {
			isa = XCBuildConfiguration;
			buildSettings = {
				ASSETCATALOG_COMPILER_APPICON_NAME = AppIcon;
				ASSETCATALOG_COMPILER_GLOBAL_ACCENT_COLOR_NAME = AccentColor;
				CODE_SIGN_IDENTITY = "Apple Development";
				CODE_SIGN_STYLE = Automatic;
				CURRENT_PROJECT_VERSION = 1;
				DEVELOPMENT_TEAM = 2H5PN3F9B6;
				ENABLE_PREVIEWS = YES;
				GENERATE_INFOPLIST_FILE = YES;
				INFOPLIST_KEY_UIApplicationSceneManifest_Generation = YES;
				INFOPLIST_KEY_UIApplicationSupportsIndirectInputEvents = YES;
				INFOPLIST_KEY_UILaunchScreen_Generation = YES;
				INFOPLIST_KEY_UISupportedInterfaceOrientations_iPad = "UIInterfaceOrientationPortrait UIInterfaceOrientationPortraitUpsideDown UIInterfaceOrientationLandscapeLeft UIInterfaceOrientationLandscapeRight";
				INFOPLIST_KEY_UISupportedInterfaceOrientations_iPhone = "UIInterfaceOrientationPortrait UIInterfaceOrientationLandscapeLeft UIInterfaceOrientationLandscapeRight";
				IPHONEOS_DEPLOYMENT_TARGET = 17.0;
				LD_RUNPATH_SEARCH_PATHS = (
					"$(inherited)",
					"@executable_path/Frameworks",
				);
				MARKETING_VERSION = 1.0;
				PRODUCT_BUNDLE_IDENTIFIER = "mike.fullstackswift.Todo-Combine-SwiftUI";
				PRODUCT_NAME = "Todo+Combine+SwiftUI";
				PROVISIONING_PROFILE_SPECIFIER = "";
				SDKROOT = iphoneos;
				SWIFT_EMIT_LOC_STRINGS = YES;
				SWIFT_VERSION = 5.0;
				TARGETED_DEVICE_FAMILY = "1,2";
				VALIDATE_PRODUCT = YES;
			};
			name = Release;
		};
/* End XCBuildConfiguration section */

/* Begin XCConfigurationList section */
		879A264B27079EC800CCD1DD /* Build configuration list for PBXProject "Todo+Combine+SwiftUI" */ = {
			isa = XCConfigurationList;
			buildConfigurations = (
				879A266327079EC900CCD1DD /* Debug */,
				879A266427079EC900CCD1DD /* Release */,
			);
			defaultConfigurationIsVisible = 0;
			defaultConfigurationName = Release;
		};
		879A266527079EC900CCD1DD /* Build configuration list for PBXNativeTarget "Todo+Combine+SwiftUI (iOS)" */ = {
			isa = XCConfigurationList;
			buildConfigurations = (
				879A266627079EC900CCD1DD /* Debug */,
				879A266727079EC900CCD1DD /* Release */,
			);
			defaultConfigurationIsVisible = 0;
			defaultConfigurationName = Release;
		};
/* End XCConfigurationList section */

/* Begin XCRemoteSwiftPackageReference section */
		87BB878527A57FB4000B269B /* XCRemoteSwiftPackageReference "Networking" */ = {
			isa = XCRemoteSwiftPackageReference;
			repositoryURL = "https://github.com/FullStack-Swift/Networking";
			requirement = {
				branch = main;
				kind = branch;
			};
		};
		87BB878827A58015000B269B /* XCRemoteSwiftPackageReference "SwiftExtension" */ = {
			isa = XCRemoteSwiftPackageReference;
			repositoryURL = "https://github.com/FullStack-Swift/SwiftExtension";
			requirement = {
				branch = main;
				kind = branch;
			};
		};
		EB5C21552AB1A229004F53C7 /* XCRemoteSwiftPackageReference "swift-composable-architecture" */ = {
			isa = XCRemoteSwiftPackageReference;
			repositoryURL = "https://github.com/pointfreeco/swift-composable-architecture";
			requirement = {
				branch = main;
				kind = branch;
			};
		};
		EBA469792ACE91440060376F /* XCRemoteSwiftPackageReference "swift-json" */ = {
			isa = XCRemoteSwiftPackageReference;
			repositoryURL = "https://github.com/FullStack-Swift/swift-json";
			requirement = {
				branch = main;
				kind = branch;
			};
		};
		EBA4697C2ACE915D0060376F /* XCRemoteSwiftPackageReference "swift-logger" */ = {
			isa = XCRemoteSwiftPackageReference;
			repositoryURL = "https://github.com/FullStack-Swift/swift-logger";
			requirement = {
				branch = main;
				kind = branch;
			};
		};
/* End XCRemoteSwiftPackageReference section */

/* Begin XCSwiftPackageProductDependency section */
		87BB878627A57FB4000B269B /* CombineRequest */ = {
			isa = XCSwiftPackageProductDependency;
			package = 87BB878527A57FB4000B269B /* XCRemoteSwiftPackageReference "Networking" */;
			productName = CombineRequest;
		};
		EB5C21562AB1A229004F53C7 /* ComposableArchitecture */ = {
			isa = XCSwiftPackageProductDependency;
			package = EB5C21552AB1A229004F53C7 /* XCRemoteSwiftPackageReference "swift-composable-architecture" */;
			productName = ComposableArchitecture;
		};
		EB5C215C2AB1A250004F53C7 /* Transform */ = {
			isa = XCSwiftPackageProductDependency;
			package = 87BB878827A58015000B269B /* XCRemoteSwiftPackageReference "SwiftExtension" */;
			productName = Transform;
		};
		EBA4697A2ACE91440060376F /* Json */ = {
			isa = XCSwiftPackageProductDependency;
			package = EBA469792ACE91440060376F /* XCRemoteSwiftPackageReference "swift-json" */;
			productName = Json;
		};
		EBA4697D2ACE91E10060376F /* SwiftLogger */ = {
			isa = XCSwiftPackageProductDependency;
			package = EBA4697C2ACE915D0060376F /* XCRemoteSwiftPackageReference "swift-logger" */;
			productName = SwiftLogger;
		};
/* End XCSwiftPackageProductDependency section */
	};
	rootObject = 879A264827079EC800CCD1DD /* Project object */;
}
