{
  "object": {
    "pins": [
      {
        "package": "Alamofire",
        "repositoryURL": "https://github.com/Alamofire/Alamofire.git",
        "state": {
          "branch": null,
          "revision": "f82c23a8a7ef8dc1a49a8bfc6a96883e79121864",
          "version": "5.5.0"
        }
      },
      {
        "package": "Networking",
        "repositoryURL": "https://github.com/FullStack-Swift/Networking",
        "state": {
          "branch": null,
          "revision": "fdbb1c94caf8ead0a26c622e8c08cbd6f6ebb8ac",
          "version": "1.0.0"
        }
      },
      {
        "package": "ReactiveSwift",
        "repositoryURL": "https://github.com/ReactiveCocoa/ReactiveSwift.git",
        "state": {
          "branch": null,
          "revision": "efb2f0a6f6c8739cce8fb14148a5bd3c83f2f91d",
          "version": "7.0.0"
        }
      },
      {
        "package": "RxSwift",
        "repositoryURL": "https://github.com/ReactiveX/RxSwift.git",
        "state": {
          "branch": null,
          "revision": "b4307ba0b6425c0ba4178e138799946c3da594f8",
          "version": "6.5.0"
        }
      },
      {
        "package": "rxswift-composable-architecture",
        "repositoryURL": "https://github.com/FullStack-Swift/rxswift-core-architecture.git",
        "state": {
          "branch": null,
          "revision": "0343f86b0ae055df189ad0ae96853e7fe8c1a571",
          "version": "1.0.0"
        }
      },
      {
        "package": "Starscream",
        "repositoryURL": "https://github.com/daltoniam/Starscream.git",
        "state": {
          "branch": null,
          "revision": "df8d82047f6654d8e4b655d1b1525c64e1059d21",
          "version": "4.0.4"
        }
      },
      {
        "package": "swift-case-paths",
        "repositoryURL": "https://github.com/pointfreeco/swift-case-paths",
        "state": {
          "branch": null,
          "revision": "d226d167bd4a68b51e352af5655c92bce8ee0463",
          "version": "0.7.0"
        }
      },
      {
        "package": "SwiftExtension",
        "repositoryURL": "https://github.com/FullStack-Swift/SwiftExtension",
        "state": {
          "branch": null,
          "revision": "cdbd56e6cf32fa0eb97a1fba445736cbe8b8e622",
          "version": "1.0.0"
        }
      },
      {
        "package": "xctest-dynamic-overlay",
        "repositoryURL": "https://github.com/pointfreeco/xctest-dynamic-overlay",
        "state": {
          "branch": null,
          "revision": "50a70a9d3583fe228ce672e8923010c8df2deddd",
          "version": "0.2.1"
        }
      }
    ]
  },
  "version": 1
}
