{
  "pins" : [
    {
      "identity" : "alamofire",
      "kind" : "remoteSourceControl",
      "location" : "https://github.com/Alamofire/Alamofire.git",
      "state" : {
        "revision" : "78424be314842833c04bc3bef5b72e85fff99204",
        "version" : "5.6.4"
      }
    },
    {
      "identity" : "combine-schedulers",
      "kind" : "remoteSourceControl",
      "location" : "https://github.com/pointfreeco/combine-schedulers",
      "state" : {
        "revision" : "882ac01eb7ef9e36d4467eb4b1151e74fcef85ab",
        "version" : "0.9.1"
      }
    },
    {
      "identity" : "json",
      "kind" : "remoteSourceControl",
      "location" : "https://github.com/FullStack-Swift/Json",
      "state" : {
        "revision" : "b45da4388574b3dfadf7f166aaa962c561e34dd5",
        "version" : "1.0.0"
      }
    },
    {
      "identity" : "networking",
      "kind" : "remoteSourceControl",
      "location" : "https://github.com/FullStack-Swift/Networking",
      "state" : {
        "revision" : "fdbb1c94caf8ead0a26c622e8c08cbd6f6ebb8ac",
        "version" : "1.0.0"
      }
    },
    {
      "identity" : "reactiveswift",
      "kind" : "remoteSourceControl",
      "location" : "https://github.com/ReactiveCocoa/ReactiveSwift.git",
      "state" : {
        "revision" : "40c465af19b993344e84355c00669ba2022ca3cd",
        "version" : "7.1.1"
      }
    },
    {
      "identity" : "realm-core",
      "kind" : "remoteSourceControl",
      "location" : "https://github.com/realm/realm-core",
      "state" : {
        "revision" : "b77443ca7fa25407869ca537bf3ae912b1427bff",
        "version" : "12.13.0"
      }
    },
    {
      "identity" : "realm-swift",
      "kind" : "remoteSourceControl",
      "location" : "https://github.com/realm/realm-swift.git",
      "state" : {
        "revision" : "b1072f3ef733108dfcc62c2001781e5d65605fbf",
        "version" : "10.34.1"
      }
    },
    {
      "identity" : "rxdatasources",
      "kind" : "remoteSourceControl",
      "location" : "https://github.com/RxSwiftCommunity/RxDataSources",
      "state" : {
        "revision" : "90c29b48b628479097fe775ed1966d75ac374518",
        "version" : "5.0.2"
      }
    },
    {
      "identity" : "rxswift",
      "kind" : "remoteSourceControl",
      "location" : "https://github.com/ReactiveX/RxSwift.git",
      "state" : {
        "revision" : "b4307ba0b6425c0ba4178e138799946c3da594f8",
        "version" : "6.5.0"
      }
    },
    {
      "identity" : "rxswift-composable-architecture",
      "kind" : "remoteSourceControl",
      "location" : "https://github.com/FullStack-Swift/rxswift-composable-architecture",
      "state" : {
        "revision" : "eb0cd2b10cc8064e4efeace95096836c75396568",
        "version" : "1.0.0"
      }
    },
    {
      "identity" : "starscream",
      "kind" : "remoteSourceControl",
      "location" : "https://github.com/daltoniam/Starscream.git",
      "state" : {
        "revision" : "df8d82047f6654d8e4b655d1b1525c64e1059d21",
        "version" : "4.0.4"
      }
    },
    {
      "identity" : "swift-case-paths",
      "kind" : "remoteSourceControl",
      "location" : "https://github.com/pointfreeco/swift-case-paths",
      "state" : {
        "revision" : "c3a42e8d1a76ff557cf565ed6d8b0aee0e6e75af",
        "version" : "0.11.0"
      }
    },
    {
      "identity" : "swift-collections",
      "kind" : "remoteSourceControl",
      "location" : "https://github.com/apple/swift-collections",
      "state" : {
        "revision" : "937e904258d22af6e447a0b72c0bc67583ef64a2",
        "version" : "1.0.4"
      }
    },
    {
      "identity" : "swift-custom-dump",
      "kind" : "remoteSourceControl",
      "location" : "https://github.com/pointfreeco/swift-custom-dump",
      "state" : {
        "revision" : "ead7d30cc224c3642c150b546f4f1080d1c411a8",
        "version" : "0.6.1"
      }
    },
    {
      "identity" : "swift-identified-collections",
      "kind" : "remoteSourceControl",
      "location" : "https://github.com/pointfreeco/swift-identified-collections",
      "state" : {
        "revision" : "fd34c544ad27f3ba6b19142b348005bfa85b6005",
        "version" : "0.6.0"
      }
    },
    {
      "identity" : "swiftextension",
      "kind" : "remoteSourceControl",
      "location" : "https://github.com/FullStack-Swift/SwiftExtension",
      "state" : {
        "revision" : "cdbd56e6cf32fa0eb97a1fba445736cbe8b8e622",
        "version" : "1.0.0"
      }
    },
    {
      "identity" : "xctest-dynamic-overlay",
      "kind" : "remoteSourceControl",
      "location" : "https://github.com/pointfreeco/xctest-dynamic-overlay",
      "state" : {
        "revision" : "16b23a295fa322eb957af98037f86791449de60f",
        "version" : "0.8.1"
      }
    }
  ],
  "version" : 2
}
