// !$*UTF8*$!
{
	archiveVersion = 1;
	classes = {
	};
	objectVersion = 55;
	objects = {

/* Begin PBXBuildFile section */
		879A26CF2707A01A00CCD1DD /* Assets.xcassets in Resources */ = {isa = PBXBuildFile; fileRef = 879A26BD2707A01A00CCD1DD /* Assets.xcassets */; };
		87BB883E27A588AE000B269B /* TodoApp.swift in Sources */ = {isa = PBXBuildFile; fileRef = 87BB882127A588AE000B269B /* TodoApp.swift */; };
		87BB884627A588AE000B269B /* MainView.swift in Sources */ = {isa = PBXBuildFile; fileRef = 87BB882827A588AE000B269B /* MainView.swift */; };
		87BB884E27A588AE000B269B /* CounterView.swift in Sources */ = {isa = PBXBuildFile; fileRef = 87BB882D27A588AE000B269B /* CounterView.swift */; };
		87BB885627A588AE000B269B /* AuthView.swift in Sources */ = {isa = PBXBuildFile; fileRef = 87BB883227A588AE000B269B /* AuthView.swift */; };
		87BB886227A588AE000B269B /* RootView.swift in Sources */ = {isa = PBXBuildFile; fileRef = 87BB883927A588AE000B269B /* RootView.swift */; };
		87BB886827A588AE000B269B /* TodoModel.swift in Sources */ = {isa = PBXBuildFile; fileRef = 87BB883D27A588AE000B269B /* TodoModel.swift */; };
		87BB886C27A58910000B269B /* ComposableArchitecture in Frameworks */ = {isa = PBXBuildFile; productRef = 87BB886B27A58910000B269B /* ComposableArchitecture */; };
		EB5C216D2AB1AFDB004F53C7 /* ReactiveSwiftRequest in Frameworks */ = {isa = PBXBuildFile; productRef = EB5C216C2AB1AFDB004F53C7 /* ReactiveSwiftRequest */; };
		EB5C216F2AB1AFDB004F53C7 /* Transform in Frameworks */ = {isa = PBXBuildFile; productRef = EB5C216E2AB1AFDB004F53C7 /* Transform */; };
		EB5C21752AB1B05A004F53C7 /* Exports.swift in Sources */ = {isa = PBXBuildFile; fileRef = EB5C21742AB1B05A004F53C7 /* Exports.swift */; };
		EBA469882ACEC1420060376F /* Json in Frameworks */ = {isa = PBXBuildFile; productRef = EBA469872ACEC1420060376F /* Json */; };
		EBA4698A2ACEC1420060376F /* SwiftLogger in Frameworks */ = {isa = PBXBuildFile; productRef = EBA469892ACEC1420060376F /* SwiftLogger */; };
/* End PBXBuildFile section */

/* Begin PBXFileReference section */
		879A26BD2707A01A00CCD1DD /* Assets.xcassets */ = {isa = PBXFileReference; lastKnownFileType = folder.assetcatalog; path = Assets.xcassets; sourceTree = "<group>"; };
		879A26C22707A01A00CCD1DD /* Todo+ReactiveSwift+SwiftUI.app */ = {isa = PBXFileReference; explicitFileType = wrapper.application; includeInIndex = 0; path = "Todo+ReactiveSwift+SwiftUI.app"; sourceTree = BUILT_PRODUCTS_DIR; };
		879A26CA2707A01A00CCD1DD /* macOS.entitlements */ = {isa = PBXFileReference; lastKnownFileType = text.plist.entitlements; path = macOS.entitlements; sourceTree = "<group>"; };
		87BB882127A588AE000B269B /* TodoApp.swift */ = {isa = PBXFileReference; fileEncoding = 4; lastKnownFileType = sourcecode.swift; path = TodoApp.swift; sourceTree = "<group>"; };
		87BB882827A588AE000B269B /* MainView.swift */ = {isa = PBXFileReference; fileEncoding = 4; lastKnownFileType = sourcecode.swift; path = MainView.swift; sourceTree = "<group>"; };
		87BB882D27A588AE000B269B /* CounterView.swift */ = {isa = PBXFileReference; fileEncoding = 4; lastKnownFileType = sourcecode.swift; path = CounterView.swift; sourceTree = "<group>"; };
		87BB883227A588AE000B269B /* AuthView.swift */ = {isa = PBXFileReference; fileEncoding = 4; lastKnownFileType = sourcecode.swift; path = AuthView.swift; sourceTree = "<group>"; };
		87BB883927A588AE000B269B /* RootView.swift */ = {isa = PBXFileReference; fileEncoding = 4; lastKnownFileType = sourcecode.swift; path = RootView.swift; sourceTree = "<group>"; };
		87BB883D27A588AE000B269B /* TodoModel.swift */ = {isa = PBXFileReference; fileEncoding = 4; lastKnownFileType = sourcecode.swift; path = TodoModel.swift; sourceTree = "<group>"; };
		EB5C21742AB1B05A004F53C7 /* Exports.swift */ = {isa = PBXFileReference; lastKnownFileType = sourcecode.swift; path = Exports.swift; sourceTree = "<group>"; };
/* End PBXFileReference section */

/* Begin PBXFrameworksBuildPhase section */
		879A26BF2707A01A00CCD1DD /* Frameworks */ = {
			isa = PBXFrameworksBuildPhase;
			buildActionMask = 2147483647;
			files = (
				EB5C216F2AB1AFDB004F53C7 /* Transform in Frameworks */,
				87BB886C27A58910000B269B /* ComposableArchitecture in Frameworks */,
				EBA4698A2ACEC1420060376F /* SwiftLogger in Frameworks */,
				EBA469882ACEC1420060376F /* Json in Frameworks */,
				EB5C216D2AB1AFDB004F53C7 /* ReactiveSwiftRequest in Frameworks */,
			);
			runOnlyForDeploymentPostprocessing = 0;
		};
/* End PBXFrameworksBuildPhase section */

/* Begin PBXGroup section */
		879A26B52707A01700CCD1DD = {
			isa = PBXGroup;
			children = (
				879A26BA2707A01700CCD1DD /* Shared */,
				879A26C92707A01A00CCD1DD /* macOS */,
				879A26C32707A01A00CCD1DD /* Products */,
				879A271A2707A16900CCD1DD /* Frameworks */,
			);
			sourceTree = "<group>";
		};
		879A26BA2707A01700CCD1DD /* Shared */ = {
			isa = PBXGroup;
			children = (
				87BB882027A588AE000B269B /* CoreApp */,
				879A26BD2707A01A00CCD1DD /* Assets.xcassets */,
			);
			path = Shared;
			sourceTree = "<group>";
		};
		879A26C32707A01A00CCD1DD /* Products */ = {
			isa = PBXGroup;
			children = (
				879A26C22707A01A00CCD1DD /* Todo+ReactiveSwift+SwiftUI.app */,
			);
			name = Products;
			sourceTree = "<group>";
		};
		879A26C92707A01A00CCD1DD /* macOS */ = {
			isa = PBXGroup;
			children = (
				879A26CA2707A01A00CCD1DD /* macOS.entitlements */,
			);
			path = macOS;
			sourceTree = "<group>";
		};
		879A271A2707A16900CCD1DD /* Frameworks */ = {
			isa = PBXGroup;
			children = (
			);
			name = Frameworks;
			sourceTree = "<group>";
		};
		87BB882027A588AE000B269B /* CoreApp */ = {
			isa = PBXGroup;
			children = (
				87BB882127A588AE000B269B /* TodoApp.swift */,
				87BB882227A588AE000B269B /* TodoApp */,
				EB5C21742AB1B05A004F53C7 /* Exports.swift */,
			);
			path = CoreApp;
			sourceTree = "<group>";
		};
		87BB882227A588AE000B269B /* TodoApp */ = {
			isa = PBXGroup;
			children = (
				87BB883927A588AE000B269B /* RootView.swift */,
				87BB882827A588AE000B269B /* MainView.swift */,
				87BB883227A588AE000B269B /* AuthView.swift */,
				87BB882D27A588AE000B269B /* CounterView.swift */,
				87BB883C27A588AE000B269B /* Models */,
			);
			path = TodoApp;
			sourceTree = "<group>";
		};
		87BB883C27A588AE000B269B /* Models */ = {
			isa = PBXGroup;
			children = (
				87BB883D27A588AE000B269B /* TodoModel.swift */,
			);
			path = Models;
			sourceTree = "<group>";
		};
/* End PBXGroup section */

/* Begin PBXNativeTarget section */
		879A26C12707A01A00CCD1DD /* Todo+ReactiveSwift+SwiftUI (iOS) */ = {
			isa = PBXNativeTarget;
			buildConfigurationList = 879A26D32707A01A00CCD1DD /* Build configuration list for PBXNativeTarget "Todo+ReactiveSwift+SwiftUI (iOS)" */;
			buildPhases = (
				879A26BE2707A01A00CCD1DD /* Sources */,
				879A26BF2707A01A00CCD1DD /* Frameworks */,
				879A26C02707A01A00CCD1DD /* Resources */,
			);
			buildRules = (
			);
			dependencies = (
			);
			name = "Todo+ReactiveSwift+SwiftUI (iOS)";
			packageProductDependencies = (
				87BB886B27A58910000B269B /* ComposableArchitecture */,
				EB5C216C2AB1AFDB004F53C7 /* ReactiveSwiftRequest */,
				EB5C216E2AB1AFDB004F53C7 /* Transform */,
				EBA469872ACEC1420060376F /* Json */,
				EBA469892ACEC1420060376F /* SwiftLogger */,
			);
			productName = "Todo+ReactiveSwift+SwiftUI (iOS)";
			productReference = 879A26C22707A01A00CCD1DD /* Todo+ReactiveSwift+SwiftUI.app */;
			productType = "com.apple.product-type.application";
		};
/* End PBXNativeTarget section */

/* Begin PBXProject section */
		879A26B62707A01700CCD1DD /* Project object */ = {
			isa = PBXProject;
			attributes = {
				BuildIndependentTargetsInParallel = 1;
				LastSwiftUpdateCheck = 1300;
				LastUpgradeCheck = 1500;
				TargetAttributes = {
					879A26C12707A01A00CCD1DD = {
						CreatedOnToolsVersion = 13.0;
					};
				};
			};
			buildConfigurationList = 879A26B92707A01700CCD1DD /* Build configuration list for PBXProject "Todo+ReactiveSwift+SwiftUI" */;
			compatibilityVersion = "Xcode 13.0";
			developmentRegion = en;
			hasScannedForEncodings = 0;
			knownRegions = (
				en,
				Base,
			);
			mainGroup = 879A26B52707A01700CCD1DD;
			packageReferences = (
				87BB886A27A58910000B269B /* XCRemoteSwiftPackageReference "reactiveswift-composable-architecture" */,
				87BB886D27A5892E000B269B /* XCRemoteSwiftPackageReference "Networking" */,
				87BB887027A5894B000B269B /* XCRemoteSwiftPackageReference "SwiftExtension" */,
				EBA469852ACEC0D80060376F /* XCRemoteSwiftPackageReference "swift-json" */,
				EBA469862ACEC0EE0060376F /* XCRemoteSwiftPackageReference "swift-logger" */,
			);
			productRefGroup = 879A26C32707A01A00CCD1DD /* Products */;
			projectDirPath = "";
			projectRoot = "";
			targets = (
				879A26C12707A01A00CCD1DD /* Todo+ReactiveSwift+SwiftUI (iOS) */,
			);
		};
/* End PBXProject section */

/* Begin PBXResourcesBuildPhase section */
		879A26C02707A01A00CCD1DD /* Resources */ = {
			isa = PBXResourcesBuildPhase;
			buildActionMask = 2147483647;
			files = (
				879A26CF2707A01A00CCD1DD /* Assets.xcassets in Resources */,
			);
			runOnlyForDeploymentPostprocessing = 0;
		};
/* End PBXResourcesBuildPhase section */

/* Begin PBXSourcesBuildPhase section */
		879A26BE2707A01A00CCD1DD /* Sources */ = {
			isa = PBXSourcesBuildPhase;
			buildActionMask = 2147483647;
			files = (
				EB5C21752AB1B05A004F53C7 /* Exports.swift in Sources */,
				87BB886827A588AE000B269B /* TodoModel.swift in Sources */,
				87BB886227A588AE000B269B /* RootView.swift in Sources */,
				87BB885627A588AE000B269B /* AuthView.swift in Sources */,
				87BB883E27A588AE000B269B /* TodoApp.swift in Sources */,
				87BB884627A588AE000B269B /* MainView.swift in Sources */,
				87BB884E27A588AE000B269B /* CounterView.swift in Sources */,
			);
			runOnlyForDeploymentPostprocessing = 0;
		};
/* End PBXSourcesBuildPhase section */

/* Begin XCBuildConfiguration section */
		879A26D12707A01A00CCD1DD /* Debug */ = {
			isa = XCBuildConfiguration;
			buildSettings = {
				ALWAYS_SEARCH_USER_PATHS = NO;
				ASSETCATALOG_COMPILER_GENERATE_SWIFT_ASSET_SYMBOL_EXTENSIONS = YES;
				CLANG_ANALYZER_NONNULL = YES;
				CLANG_ANALYZER_NUMBER_OBJECT_CONVERSION = YES_AGGRESSIVE;
				CLANG_CXX_LANGUAGE_STANDARD = "gnu++17";
				CLANG_CXX_LIBRARY = "libc++";
				CLANG_ENABLE_MODULES = YES;
				CLANG_ENABLE_OBJC_ARC = YES;
				CLANG_ENABLE_OBJC_WEAK = YES;
				CLANG_WARN_BLOCK_CAPTURE_AUTORELEASING = YES;
				CLANG_WARN_BOOL_CONVERSION = YES;
				CLANG_WARN_COMMA = YES;
				CLANG_WARN_CONSTANT_CONVERSION = YES;
				CLANG_WARN_DEPRECATED_OBJC_IMPLEMENTATIONS = YES;
				CLANG_WARN_DIRECT_OBJC_ISA_USAGE = YES_ERROR;
				CLANG_WARN_DOCUMENTATION_COMMENTS = YES;
				CLANG_WARN_EMPTY_BODY = YES;
				CLANG_WARN_ENUM_CONVERSION = YES;
				CLANG_WARN_INFINITE_RECURSION = YES;
				CLANG_WARN_INT_CONVERSION = YES;
				CLANG_WARN_NON_LITERAL_NULL_CONVERSION = YES;
				CLANG_WARN_OBJC_IMPLICIT_RETAIN_SELF = YES;
				CLANG_WARN_OBJC_LITERAL_CONVERSION = YES;
				CLANG_WARN_OBJC_ROOT_CLASS = YES_ERROR;
				CLANG_WARN_QUOTED_INCLUDE_IN_FRAMEWORK_HEADER = YES;
				CLANG_WARN_RANGE_LOOP_ANALYSIS = YES;
				CLANG_WARN_STRICT_PROTOTYPES = YES;
				CLANG_WARN_SUSPICIOUS_MOVE = YES;
				CLANG_WARN_UNGUARDED_AVAILABILITY = YES_AGGRESSIVE;
				CLANG_WARN_UNREACHABLE_CODE = YES;
				CLANG_WARN__DUPLICATE_METHOD_MATCH = YES;
				COPY_PHASE_STRIP = NO;
				DEAD_CODE_STRIPPING = YES;
				DEBUG_INFORMATION_FORMAT = dwarf;
				ENABLE_STRICT_OBJC_MSGSEND = YES;
				ENABLE_TESTABILITY = YES;
				ENABLE_USER_SCRIPT_SANDBOXING = YES;
				GCC_C_LANGUAGE_STANDARD = gnu11;
				GCC_DYNAMIC_NO_PIC = NO;
				GCC_NO_COMMON_BLOCKS = YES;
				GCC_OPTIMIZATION_LEVEL = 0;
				GCC_PREPROCESSOR_DEFINITIONS = (
					"DEBUG=1",
					"$(inherited)",
				);
				GCC_WARN_64_TO_32_BIT_CONVERSION = YES;
				GCC_WARN_ABOUT_RETURN_TYPE = YES_ERROR;
				GCC_WARN_UNDECLARED_SELECTOR = YES;
				GCC_WARN_UNINITIALIZED_AUTOS = YES_AGGRESSIVE;
				GCC_WARN_UNUSED_FUNCTION = YES;
				GCC_WARN_UNUSED_VARIABLE = YES;
				MTL_ENABLE_DEBUG_INFO = INCLUDE_SOURCE;
				MTL_FAST_MATH = YES;
				ONLY_ACTIVE_ARCH = YES;
				SWIFT_ACTIVE_COMPILATION_CONDITIONS = DEBUG;
				SWIFT_OPTIMIZATION_LEVEL = "-Onone";
			};
			name = Debug;
		};
		879A26D22707A01A00CCD1DD /* Release */ = {
			isa = XCBuildConfiguration;
			buildSettings = {
				ALWAYS_SEARCH_USER_PATHS = NO;
				ASSETCATALOG_COMPILER_GENERATE_SWIFT_ASSET_SYMBOL_EXTENSIONS = YES;
				CLANG_ANALYZER_NONNULL = YES;
				CLANG_ANALYZER_NUMBER_OBJECT_CONVERSION = YES_AGGRESSIVE;
				CLANG_CXX_LANGUAGE_STANDARD = "gnu++17";
				CLANG_CXX_LIBRARY = "libc++";
				CLANG_ENABLE_MODULES = YES;
				CLANG_ENABLE_OBJC_ARC = YES;
				CLANG_ENABLE_OBJC_WEAK = YES;
				CLANG_WARN_BLOCK_CAPTURE_AUTORELEASING = YES;
				CLANG_WARN_BOOL_CONVERSION = YES;
				CLANG_WARN_COMMA = YES;
				CLANG_WARN_CONSTANT_CONVERSION = YES;
				CLANG_WARN_DEPRECATED_OBJC_IMPLEMENTATIONS = YES;
				CLANG_WARN_DIRECT_OBJC_ISA_USAGE = YES_ERROR;
				CLANG_WARN_DOCUMENTATION_COMMENTS = YES;
				CLANG_WARN_EMPTY_BODY = YES;
				CLANG_WARN_ENUM_CONVERSION = YES;
				CLANG_WARN_INFINITE_RECURSION = YES;
				CLANG_WARN_INT_CONVERSION = YES;
				CLANG_WARN_NON_LITERAL_NULL_CONVERSION = YES;
				CLANG_WARN_OBJC_IMPLICIT_RETAIN_SELF = YES;
				CLANG_WARN_OBJC_LITERAL_CONVERSION = YES;
				CLANG_WARN_OBJC_ROOT_CLASS = YES_ERROR;
				CLANG_WARN_QUOTED_INCLUDE_IN_FRAMEWORK_HEADER = YES;
				CLANG_WARN_RANGE_LOOP_ANALYSIS = YES;
				CLANG_WARN_STRICT_PROTOTYPES = YES;
				CLANG_WARN_SUSPICIOUS_MOVE = YES;
				CLANG_WARN_UNGUARDED_AVAILABILITY = YES_AGGRESSIVE;
				CLANG_WARN_UNREACHABLE_CODE = YES;
				CLANG_WARN__DUPLICATE_METHOD_MATCH = YES;
				COPY_PHASE_STRIP = NO;
				DEAD_CODE_STRIPPING = YES;
				DEBUG_INFORMATION_FORMAT = "dwarf-with-dsym";
				ENABLE_NS_ASSERTIONS = NO;
				ENABLE_STRICT_OBJC_MSGSEND = YES;
				ENABLE_USER_SCRIPT_SANDBOXING = YES;
				GCC_C_LANGUAGE_STANDARD = gnu11;
				GCC_NO_COMMON_BLOCKS = YES;
				GCC_WARN_64_TO_32_BIT_CONVERSION = YES;
				GCC_WARN_ABOUT_RETURN_TYPE = YES_ERROR;
				GCC_WARN_UNDECLARED_SELECTOR = YES;
				GCC_WARN_UNINITIALIZED_AUTOS = YES_AGGRESSIVE;
				GCC_WARN_UNUSED_FUNCTION = YES;
				GCC_WARN_UNUSED_VARIABLE = YES;
				MTL_ENABLE_DEBUG_INFO = NO;
				MTL_FAST_MATH = YES;
				SWIFT_COMPILATION_MODE = wholemodule;
				SWIFT_OPTIMIZATION_LEVEL = "-O";
			};
			name = Release;
		};
		879A26D42707A01A00CCD1DD /* Debug */ = {
			isa = XCBuildConfiguration;
			buildSettings = {
				ASSETCATALOG_COMPILER_APPICON_NAME = AppIcon;
				ASSETCATALOG_COMPILER_GLOBAL_ACCENT_COLOR_NAME = AccentColor;
				CODE_SIGN_STYLE = Automatic;
				CURRENT_PROJECT_VERSION = 1;
				DEVELOPMENT_TEAM = 2H5PN3F9B6;
				ENABLE_PREVIEWS = YES;
				GENERATE_INFOPLIST_FILE = YES;
				INFOPLIST_KEY_UIApplicationSceneManifest_Generation = YES;
				INFOPLIST_KEY_UIApplicationSupportsIndirectInputEvents = YES;
				INFOPLIST_KEY_UILaunchScreen_Generation = YES;
				INFOPLIST_KEY_UISupportedInterfaceOrientations_iPad = "UIInterfaceOrientationPortrait UIInterfaceOrientationPortraitUpsideDown UIInterfaceOrientationLandscapeLeft UIInterfaceOrientationLandscapeRight";
				INFOPLIST_KEY_UISupportedInterfaceOrientations_iPhone = "UIInterfaceOrientationPortrait UIInterfaceOrientationLandscapeLeft UIInterfaceOrientationLandscapeRight";
				IPHONEOS_DEPLOYMENT_TARGET = 14.0;
				LD_RUNPATH_SEARCH_PATHS = (
					"$(inherited)",
					"@executable_path/Frameworks",
				);
				MARKETING_VERSION = 1.0;
				PRODUCT_BUNDLE_IDENTIFIER = "mike.fullstackswift.Todo-ReactiveSwift-SwiftUI";
				PRODUCT_NAME = "Todo+ReactiveSwift+SwiftUI";
				SDKROOT = iphoneos;
				SWIFT_EMIT_LOC_STRINGS = YES;
				SWIFT_VERSION = 5.0;
				TARGETED_DEVICE_FAMILY = "1,2";
			};
			name = Debug;
		};
		879A26D52707A01A00CCD1DD /* Release */ = {
			isa = XCBuildConfiguration;
			buildSettings = {
				ASSETCATALOG_COMPILER_APPICON_NAME = AppIcon;
				ASSETCATALOG_COMPILER_GLOBAL_ACCENT_COLOR_NAME = AccentColor;
				CODE_SIGN_STYLE = Automatic;
				CURRENT_PROJECT_VERSION = 1;
				DEVELOPMENT_TEAM = 2H5PN3F9B6;
				ENABLE_PREVIEWS = YES;
				GENERATE_INFOPLIST_FILE = YES;
				INFOPLIST_KEY_UIApplicationSceneManifest_Generation = YES;
				INFOPLIST_KEY_UIApplicationSupportsIndirectInputEvents = YES;
				INFOPLIST_KEY_UILaunchScreen_Generation = YES;
				INFOPLIST_KEY_UISupportedInterfaceOrientations_iPad = "UIInterfaceOrientationPortrait UIInterfaceOrientationPortraitUpsideDown UIInterfaceOrientationLandscapeLeft UIInterfaceOrientationLandscapeRight";
				INFOPLIST_KEY_UISupportedInterfaceOrientations_iPhone = "UIInterfaceOrientationPortrait UIInterfaceOrientationLandscapeLeft UIInterfaceOrientationLandscapeRight";
				IPHONEOS_DEPLOYMENT_TARGET = 14.0;
				LD_RUNPATH_SEARCH_PATHS = (
					"$(inherited)",
					"@executable_path/Frameworks",
				);
				MARKETING_VERSION = 1.0;
				PRODUCT_BUNDLE_IDENTIFIER = "mike.fullstackswift.Todo-ReactiveSwift-SwiftUI";
				PRODUCT_NAME = "Todo+ReactiveSwift+SwiftUI";
				SDKROOT = iphoneos;
				SWIFT_EMIT_LOC_STRINGS = YES;
				SWIFT_VERSION = 5.0;
				TARGETED_DEVICE_FAMILY = "1,2";
				VALIDATE_PRODUCT = YES;
			};
			name = Release;
		};
/* End XCBuildConfiguration section */

/* Begin XCConfigurationList section */
		879A26B92707A01700CCD1DD /* Build configuration list for PBXProject "Todo+ReactiveSwift+SwiftUI" */ = {
			isa = XCConfigurationList;
			buildConfigurations = (
				879A26D12707A01A00CCD1DD /* Debug */,
				879A26D22707A01A00CCD1DD /* Release */,
			);
			defaultConfigurationIsVisible = 0;
			defaultConfigurationName = Release;
		};
		879A26D32707A01A00CCD1DD /* Build configuration list for PBXNativeTarget "Todo+ReactiveSwift+SwiftUI (iOS)" */ = {
			isa = XCConfigurationList;
			buildConfigurations = (
				879A26D42707A01A00CCD1DD /* Debug */,
				879A26D52707A01A00CCD1DD /* Release */,
			);
			defaultConfigurationIsVisible = 0;
			defaultConfigurationName = Release;
		};
/* End XCConfigurationList section */

/* Begin XCRemoteSwiftPackageReference section */
		87BB886A27A58910000B269B /* XCRemoteSwiftPackageReference "reactiveswift-composable-architecture" */ = {
			isa = XCRemoteSwiftPackageReference;
			repositoryURL = "https://github.com/FullStack-Swift/reactiveswift-composable-architecture";
			requirement = {
				branch = main;
				kind = branch;
			};
		};
		87BB886D27A5892E000B269B /* XCRemoteSwiftPackageReference "Networking" */ = {
			isa = XCRemoteSwiftPackageReference;
			repositoryURL = "https://github.com/FullStack-Swift/Networking";
			requirement = {
				branch = main;
				kind = branch;
			};
		};
		87BB887027A5894B000B269B /* XCRemoteSwiftPackageReference "SwiftExtension" */ = {
			isa = XCRemoteSwiftPackageReference;
			repositoryURL = "https://github.com/FullStack-Swift/SwiftExtension";
			requirement = {
				branch = main;
				kind = branch;
			};
		};
		EBA469852ACEC0D80060376F /* XCRemoteSwiftPackageReference "swift-json" */ = {
			isa = XCRemoteSwiftPackageReference;
			repositoryURL = "https://github.com/FullStack-Swift/swift-json";
			requirement = {
				branch = main;
				kind = branch;
			};
		};
		EBA469862ACEC0EE0060376F /* XCRemoteSwiftPackageReference "swift-logger" */ = {
			isa = XCRemoteSwiftPackageReference;
			repositoryURL = "https://github.com/FullStack-Swift/swift-logger";
			requirement = {
				branch = main;
				kind = branch;
			};
		};
/* End XCRemoteSwiftPackageReference section */

/* Begin XCSwiftPackageProductDependency section */
		87BB886B27A58910000B269B /* ComposableArchitecture */ = {
			isa = XCSwiftPackageProductDependency;
			package = 87BB886A27A58910000B269B /* XCRemoteSwiftPackageReference "reactiveswift-composable-architecture" */;
			productName = ComposableArchitecture;
		};
		EB5C216C2AB1AFDB004F53C7 /* ReactiveSwiftRequest */ = {
			isa = XCSwiftPackageProductDependency;
			package = 87BB886D27A5892E000B269B /* XCRemoteSwiftPackageReference "Networking" */;
			productName = ReactiveSwiftRequest;
		};
		EB5C216E2AB1AFDB004F53C7 /* Transform */ = {
			isa = XCSwiftPackageProductDependency;
			package = 87BB887027A5894B000B269B /* XCRemoteSwiftPackageReference "SwiftExtension" */;
			productName = Transform;
		};
		EBA469872ACEC1420060376F /* Json */ = {
			isa = XCSwiftPackageProductDependency;
			package = EBA469852ACEC0D80060376F /* XCRemoteSwiftPackageReference "swift-json" */;
			productName = Json;
		};
		EBA469892ACEC1420060376F /* SwiftLogger */ = {
			isa = XCSwiftPackageProductDependency;
			package = EBA469862ACEC0EE0060376F /* XCRemoteSwiftPackageReference "swift-logger" */;
			productName = SwiftLogger;
		};
/* End XCSwiftPackageProductDependency section */
	};
	rootObject = 879A26B62707A01700CCD1DD /* Project object */;
}
