// !$*UTF8*$!
{
	archiveVersion = 1;
	classes = {
	};
	objectVersion = 55;
	objects = {

/* Begin PBXBuildFile section */
		87767A4727A5B237002659D6 /* ComposableArchitecture in Frameworks */ = {isa = PBXBuildFile; productRef = 87767A4627A5B237002659D6 /* ComposableArchitecture */; };
		87767A4D27A5B27A002659D6 /* ConvertSwift in Frameworks */ = {isa = PBXBuildFile; productRef = 87767A4C27A5B27A002659D6 /* ConvertSwift */; };
		87767A6E27A5B2E8002659D6 /* TodoApp.swift in Sources */ = {isa = PBXBuildFile; fileRef = 87767A4F27A5B2E8002659D6 /* TodoApp.swift */; };
		87767A6F27A5B2E9002659D6 /* MainViewController.swift in Sources */ = {isa = PBXBuildFile; fileRef = 87767A5327A5B2E8002659D6 /* MainViewController.swift */; };
		87767A7027A5B2E9002659D6 /* MainReducer.swift in Sources */ = {isa = PBXBuildFile; fileRef = 87767A5427A5B2E8002659D6 /* MainReducer.swift */; };
		87767A7127A5B2E9002659D6 /* MainEnvironment.swift in Sources */ = {isa = PBXBuildFile; fileRef = 87767A5527A5B2E8002659D6 /* MainEnvironment.swift */; };
		87767A7227A5B2E9002659D6 /* MainState.swift in Sources */ = {isa = PBXBuildFile; fileRef = 87767A5627A5B2E8002659D6 /* MainState.swift */; };
		87767A7327A5B2E9002659D6 /* MainAction.swift in Sources */ = {isa = PBXBuildFile; fileRef = 87767A5727A5B2E8002659D6 /* MainAction.swift */; };
		87767A7427A5B2E9002659D6 /* AuthViewController.swift in Sources */ = {isa = PBXBuildFile; fileRef = 87767A5927A5B2E8002659D6 /* AuthViewController.swift */; };
		87767A7527A5B2E9002659D6 /* AuthState.swift in Sources */ = {isa = PBXBuildFile; fileRef = 87767A5A27A5B2E8002659D6 /* AuthState.swift */; };
		87767A7627A5B2E9002659D6 /* AuthReducer.swift in Sources */ = {isa = PBXBuildFile; fileRef = 87767A5B27A5B2E8002659D6 /* AuthReducer.swift */; };
		87767A7727A5B2E9002659D6 /* AuthAction.swift in Sources */ = {isa = PBXBuildFile; fileRef = 87767A5C27A5B2E8002659D6 /* AuthAction.swift */; };
		87767A7827A5B2E9002659D6 /* AuthEnvironment.swift in Sources */ = {isa = PBXBuildFile; fileRef = 87767A5D27A5B2E8002659D6 /* AuthEnvironment.swift */; };
		87767A7927A5B2E9002659D6 /* RootAction.swift in Sources */ = {isa = PBXBuildFile; fileRef = 87767A5F27A5B2E8002659D6 /* RootAction.swift */; };
		87767A7A27A5B2E9002659D6 /* RootEnvironment.swift in Sources */ = {isa = PBXBuildFile; fileRef = 87767A6027A5B2E8002659D6 /* RootEnvironment.swift */; };
		87767A7B27A5B2E9002659D6 /* RootViewController.swift in Sources */ = {isa = PBXBuildFile; fileRef = 87767A6127A5B2E8002659D6 /* RootViewController.swift */; };
		87767A7C27A5B2E9002659D6 /* RootState.swift in Sources */ = {isa = PBXBuildFile; fileRef = 87767A6227A5B2E8002659D6 /* RootState.swift */; };
		87767A7D27A5B2E9002659D6 /* RootReducer.swift in Sources */ = {isa = PBXBuildFile; fileRef = 87767A6327A5B2E8002659D6 /* RootReducer.swift */; };
		87767A7E27A5B2E9002659D6 /* ViewTodoModel.swift in Sources */ = {isa = PBXBuildFile; fileRef = 87767A6627A5B2E8002659D6 /* ViewTodoModel.swift */; };
		87767A7F27A5B2E9002659D6 /* ButtonReloadMainTableViewCell.swift in Sources */ = {isa = PBXBuildFile; fileRef = 87767A6827A5B2E8002659D6 /* ButtonReloadMainTableViewCell.swift */; };
		87767A8027A5B2E9002659D6 /* CreateTitleMainTableViewCell.swift in Sources */ = {isa = PBXBuildFile; fileRef = 87767A6927A5B2E8002659D6 /* CreateTitleMainTableViewCell.swift */; };
		87767A8127A5B2E9002659D6 /* ActivityIndicatorViewController.swift in Sources */ = {isa = PBXBuildFile; fileRef = 87767A6A27A5B2E8002659D6 /* ActivityIndicatorViewController.swift */; };
		87767A8227A5B2E9002659D6 /* MainTableViewCell.swift in Sources */ = {isa = PBXBuildFile; fileRef = 87767A6B27A5B2E8002659D6 /* MainTableViewCell.swift */; };
		87767A8327A5B2E9002659D6 /* View+.swift in Sources */ = {isa = PBXBuildFile; fileRef = 87767A6D27A5B2E8002659D6 /* View+.swift */; };
		87767A8627A5B324002659D6 /* RxCocoa in Frameworks */ = {isa = PBXBuildFile; productRef = 87767A8527A5B324002659D6 /* RxCocoa */; };
		87767A8927A5B34F002659D6 /* RxSwiftRequest in Frameworks */ = {isa = PBXBuildFile; productRef = 87767A8827A5B34F002659D6 /* RxSwiftRequest */; };
		87BB893127A5949A000B269B /* Assets.xcassets in Resources */ = {isa = PBXBuildFile; fileRef = 87BB893027A5949A000B269B /* Assets.xcassets */; };
		87BB893427A5949A000B269B /* Preview Assets.xcassets in Resources */ = {isa = PBXBuildFile; fileRef = 87BB893327A5949A000B269B /* Preview Assets.xcassets */; };
/* End PBXBuildFile section */

/* Begin PBXFileReference section */
		87767A4F27A5B2E8002659D6 /* TodoApp.swift */ = {isa = PBXFileReference; fileEncoding = 4; lastKnownFileType = sourcecode.swift; path = TodoApp.swift; sourceTree = "<group>"; };
		87767A5327A5B2E8002659D6 /* MainViewController.swift */ = {isa = PBXFileReference; fileEncoding = 4; lastKnownFileType = sourcecode.swift; path = MainViewController.swift; sourceTree = "<group>"; };
		87767A5427A5B2E8002659D6 /* MainReducer.swift */ = {isa = PBXFileReference; fileEncoding = 4; lastKnownFileType = sourcecode.swift; path = MainReducer.swift; sourceTree = "<group>"; };
		87767A5527A5B2E8002659D6 /* MainEnvironment.swift */ = {isa = PBXFileReference; fileEncoding = 4; lastKnownFileType = sourcecode.swift; path = MainEnvironment.swift; sourceTree = "<group>"; };
		87767A5627A5B2E8002659D6 /* MainState.swift */ = {isa = PBXFileReference; fileEncoding = 4; lastKnownFileType = sourcecode.swift; path = MainState.swift; sourceTree = "<group>"; };
		87767A5727A5B2E8002659D6 /* MainAction.swift */ = {isa = PBXFileReference; fileEncoding = 4; lastKnownFileType = sourcecode.swift; path = MainAction.swift; sourceTree = "<group>"; };
		87767A5927A5B2E8002659D6 /* AuthViewController.swift */ = {isa = PBXFileReference; fileEncoding = 4; lastKnownFileType = sourcecode.swift; path = AuthViewController.swift; sourceTree = "<group>"; };
		87767A5A27A5B2E8002659D6 /* AuthState.swift */ = {isa = PBXFileReference; fileEncoding = 4; lastKnownFileType = sourcecode.swift; path = AuthState.swift; sourceTree = "<group>"; };
		87767A5B27A5B2E8002659D6 /* AuthReducer.swift */ = {isa = PBXFileReference; fileEncoding = 4; lastKnownFileType = sourcecode.swift; path = AuthReducer.swift; sourceTree = "<group>"; };
		87767A5C27A5B2E8002659D6 /* AuthAction.swift */ = {isa = PBXFileReference; fileEncoding = 4; lastKnownFileType = sourcecode.swift; path = AuthAction.swift; sourceTree = "<group>"; };
		87767A5D27A5B2E8002659D6 /* AuthEnvironment.swift */ = {isa = PBXFileReference; fileEncoding = 4; lastKnownFileType = sourcecode.swift; path = AuthEnvironment.swift; sourceTree = "<group>"; };
		87767A5F27A5B2E8002659D6 /* RootAction.swift */ = {isa = PBXFileReference; fileEncoding = 4; lastKnownFileType = sourcecode.swift; path = RootAction.swift; sourceTree = "<group>"; };
		87767A6027A5B2E8002659D6 /* RootEnvironment.swift */ = {isa = PBXFileReference; fileEncoding = 4; lastKnownFileType = sourcecode.swift; path = RootEnvironment.swift; sourceTree = "<group>"; };
		87767A6127A5B2E8002659D6 /* RootViewController.swift */ = {isa = PBXFileReference; fileEncoding = 4; lastKnownFileType = sourcecode.swift; path = RootViewController.swift; sourceTree = "<group>"; };
		87767A6227A5B2E8002659D6 /* RootState.swift */ = {isa = PBXFileReference; fileEncoding = 4; lastKnownFileType = sourcecode.swift; path = RootState.swift; sourceTree = "<group>"; };
		87767A6327A5B2E8002659D6 /* RootReducer.swift */ = {isa = PBXFileReference; fileEncoding = 4; lastKnownFileType = sourcecode.swift; path = RootReducer.swift; sourceTree = "<group>"; };
		87767A6627A5B2E8002659D6 /* ViewTodoModel.swift */ = {isa = PBXFileReference; fileEncoding = 4; lastKnownFileType = sourcecode.swift; path = ViewTodoModel.swift; sourceTree = "<group>"; };
		87767A6827A5B2E8002659D6 /* ButtonReloadMainTableViewCell.swift */ = {isa = PBXFileReference; fileEncoding = 4; lastKnownFileType = sourcecode.swift; path = ButtonReloadMainTableViewCell.swift; sourceTree = "<group>"; };
		87767A6927A5B2E8002659D6 /* CreateTitleMainTableViewCell.swift */ = {isa = PBXFileReference; fileEncoding = 4; lastKnownFileType = sourcecode.swift; path = CreateTitleMainTableViewCell.swift; sourceTree = "<group>"; };
		87767A6A27A5B2E8002659D6 /* ActivityIndicatorViewController.swift */ = {isa = PBXFileReference; fileEncoding = 4; lastKnownFileType = sourcecode.swift; path = ActivityIndicatorViewController.swift; sourceTree = "<group>"; };
		87767A6B27A5B2E8002659D6 /* MainTableViewCell.swift */ = {isa = PBXFileReference; fileEncoding = 4; lastKnownFileType = sourcecode.swift; path = MainTableViewCell.swift; sourceTree = "<group>"; };
		87767A6D27A5B2E8002659D6 /* View+.swift */ = {isa = PBXFileReference; fileEncoding = 4; lastKnownFileType = sourcecode.swift; path = "View+.swift"; sourceTree = "<group>"; };
		87BB892927A59499000B269B /* Todo+RxSwift+UIKit(iOS13).app */ = {isa = PBXFileReference; explicitFileType = wrapper.application; includeInIndex = 0; path = "Todo+RxSwift+UIKit(iOS13).app"; sourceTree = BUILT_PRODUCTS_DIR; };
		87BB893027A5949A000B269B /* Assets.xcassets */ = {isa = PBXFileReference; lastKnownFileType = folder.assetcatalog; path = Assets.xcassets; sourceTree = "<group>"; };
		87BB893327A5949A000B269B /* Preview Assets.xcassets */ = {isa = PBXFileReference; lastKnownFileType = folder.assetcatalog; path = "Preview Assets.xcassets"; sourceTree = "<group>"; };
/* End PBXFileReference section */

/* Begin PBXFrameworksBuildPhase section */
		87BB892627A59499000B269B /* Frameworks */ = {
			isa = PBXFrameworksBuildPhase;
			buildActionMask = 2147483647;
			files = (
				87767A4727A5B237002659D6 /* ComposableArchitecture in Frameworks */,
				87767A8627A5B324002659D6 /* RxCocoa in Frameworks */,
				87767A8927A5B34F002659D6 /* RxSwiftRequest in Frameworks */,
				87767A4D27A5B27A002659D6 /* ConvertSwift in Frameworks */,
			);
			runOnlyForDeploymentPostprocessing = 0;
		};
/* End PBXFrameworksBuildPhase section */

/* Begin PBXGroup section */
		87767A4E27A5B2E8002659D6 /* CoreApp */ = {
			isa = PBXGroup;
			children = (
				87767A4F27A5B2E8002659D6 /* TodoApp.swift */,
				87767A5027A5B2E8002659D6 /* TodoApp */,
			);
			path = CoreApp;
			sourceTree = "<group>";
		};
		87767A5027A5B2E8002659D6 /* TodoApp */ = {
			isa = PBXGroup;
			children = (
				87767A5127A5B2E8002659D6 /* AppScreens */,
				87767A6427A5B2E8002659D6 /* Models */,
				87767A6727A5B2E8002659D6 /* Views */,
				87767A6C27A5B2E8002659D6 /* View+ */,
			);
			path = TodoApp;
			sourceTree = "<group>";
		};
		87767A5127A5B2E8002659D6 /* AppScreens */ = {
			isa = PBXGroup;
			children = (
				87767A5227A5B2E8002659D6 /* MainScreen */,
				87767A5827A5B2E8002659D6 /* AuthScreen */,
				87767A5E27A5B2E8002659D6 /* RootScreen */,
			);
			path = AppScreens;
			sourceTree = "<group>";
		};
		87767A5227A5B2E8002659D6 /* MainScreen */ = {
			isa = PBXGroup;
			children = (
				87767A5327A5B2E8002659D6 /* MainViewController.swift */,
				87767A5627A5B2E8002659D6 /* MainState.swift */,
				87767A5727A5B2E8002659D6 /* MainAction.swift */,
				87767A5527A5B2E8002659D6 /* MainEnvironment.swift */,
				87767A5427A5B2E8002659D6 /* MainReducer.swift */,
			);
			path = MainScreen;
			sourceTree = "<group>";
		};
		87767A5827A5B2E8002659D6 /* AuthScreen */ = {
			isa = PBXGroup;
			children = (
				87767A5927A5B2E8002659D6 /* AuthViewController.swift */,
				87767A5A27A5B2E8002659D6 /* AuthState.swift */,
				87767A5C27A5B2E8002659D6 /* AuthAction.swift */,
				87767A5D27A5B2E8002659D6 /* AuthEnvironment.swift */,
				87767A5B27A5B2E8002659D6 /* AuthReducer.swift */,
			);
			path = AuthScreen;
			sourceTree = "<group>";
		};
		87767A5E27A5B2E8002659D6 /* RootScreen */ = {
			isa = PBXGroup;
			children = (
				87767A6127A5B2E8002659D6 /* RootViewController.swift */,
				87767A6227A5B2E8002659D6 /* RootState.swift */,
				87767A5F27A5B2E8002659D6 /* RootAction.swift */,
				87767A6027A5B2E8002659D6 /* RootEnvironment.swift */,
				87767A6327A5B2E8002659D6 /* RootReducer.swift */,
			);
			path = RootScreen;
			sourceTree = "<group>";
		};
		87767A6427A5B2E8002659D6 /* Models */ = {
			isa = PBXGroup;
			children = (
				87767A6527A5B2E8002659D6 /* ViewModels */,
			);
			path = Models;
			sourceTree = "<group>";
		};
		87767A6527A5B2E8002659D6 /* ViewModels */ = {
			isa = PBXGroup;
			children = (
				87767A6627A5B2E8002659D6 /* ViewTodoModel.swift */,
			);
			path = ViewModels;
			sourceTree = "<group>";
		};
		87767A6727A5B2E8002659D6 /* Views */ = {
			isa = PBXGroup;
			children = (
				87767A6827A5B2E8002659D6 /* ButtonReloadMainTableViewCell.swift */,
				87767A6927A5B2E8002659D6 /* CreateTitleMainTableViewCell.swift */,
				87767A6A27A5B2E8002659D6 /* ActivityIndicatorViewController.swift */,
				87767A6B27A5B2E8002659D6 /* MainTableViewCell.swift */,
			);
			path = Views;
			sourceTree = "<group>";
		};
		87767A6C27A5B2E8002659D6 /* View+ */ = {
			isa = PBXGroup;
			children = (
				87767A6D27A5B2E8002659D6 /* View+.swift */,
			);
			path = "View+";
			sourceTree = "<group>";
		};
		87767A8727A5B34F002659D6 /* Frameworks */ = {
			isa = PBXGroup;
			children = (
			);
			name = Frameworks;
			sourceTree = "<group>";
		};
		87BB892027A59499000B269B = {
			isa = PBXGroup;
			children = (
				87BB892B27A59499000B269B /* Todo+RxSwift+UIKit(iOS13) */,
				87BB892A27A59499000B269B /* Products */,
				87767A8727A5B34F002659D6 /* Frameworks */,
			);
			sourceTree = "<group>";
		};
		87BB892A27A59499000B269B /* Products */ = {
			isa = PBXGroup;
			children = (
				87BB892927A59499000B269B /* Todo+RxSwift+UIKit(iOS13).app */,
			);
			name = Products;
			sourceTree = "<group>";
		};
		87BB892B27A59499000B269B /* Todo+RxSwift+UIKit(iOS13) */ = {
			isa = PBXGroup;
			children = (
				87767A4E27A5B2E8002659D6 /* CoreApp */,
				87BB893027A5949A000B269B /* Assets.xcassets */,
				87BB893227A5949A000B269B /* Preview Content */,
			);
			path = "Todo+RxSwift+UIKit(iOS13)";
			sourceTree = "<group>";
		};
		87BB893227A5949A000B269B /* Preview Content */ = {
			isa = PBXGroup;
			children = (
				87BB893327A5949A000B269B /* Preview Assets.xcassets */,
			);
			path = "Preview Content";
			sourceTree = "<group>";
		};
/* End PBXGroup section */

/* Begin PBXNativeTarget section */
		87BB892827A59499000B269B /* Todo+RxSwift+UIKit(iOS13) */ = {
			isa = PBXNativeTarget;
			buildConfigurationList = 87BB893727A5949A000B269B /* Build configuration list for PBXNativeTarget "Todo+RxSwift+UIKit(iOS13)" */;
			buildPhases = (
				87BB892527A59499000B269B /* Sources */,
				87BB892627A59499000B269B /* Frameworks */,
				87BB892727A59499000B269B /* Resources */,
			);
			buildRules = (
			);
			dependencies = (
			);
			name = "Todo+RxSwift+UIKit(iOS13)";
			packageProductDependencies = (
				87767A4627A5B237002659D6 /* ComposableArchitecture */,
				87767A4C27A5B27A002659D6 /* ConvertSwift */,
				87767A8527A5B324002659D6 /* RxCocoa */,
				87767A8827A5B34F002659D6 /* RxSwiftRequest */,
			);
			productName = "Todo+RxSwift+UIKit(iOS13)";
			productReference = 87BB892927A59499000B269B /* Todo+RxSwift+UIKit(iOS13).app */;
			productType = "com.apple.product-type.application";
		};
/* End PBXNativeTarget section */

/* Begin PBXProject section */
		87BB892127A59499000B269B /* Project object */ = {
			isa = PBXProject;
			attributes = {
				BuildIndependentTargetsInParallel = 1;
				LastSwiftUpdateCheck = 1320;
				LastUpgradeCheck = 1320;
				TargetAttributes = {
					87BB892827A59499000B269B = {
						CreatedOnToolsVersion = 13.2.1;
					};
				};
			};
			buildConfigurationList = 87BB892427A59499000B269B /* Build configuration list for PBXProject "Todo+RxSwift+UIKit(iOS13)" */;
			compatibilityVersion = "Xcode 13.0";
			developmentRegion = en;
			hasScannedForEncodings = 0;
			knownRegions = (
				en,
				Base,
			);
			mainGroup = 87BB892027A59499000B269B;
			packageReferences = (
				87767A4527A5B237002659D6 /* XCRemoteSwiftPackageReference "rxswift-composable-architecture" */,
				87767A4827A5B263002659D6 /* XCRemoteSwiftPackageReference "Networking" */,
				87767A4B27A5B279002659D6 /* XCRemoteSwiftPackageReference "SwiftExtension" */,
				87767A8427A5B324002659D6 /* XCRemoteSwiftPackageReference "RxSwift" */,
			);
			productRefGroup = 87BB892A27A59499000B269B /* Products */;
			projectDirPath = "";
			projectRoot = "";
			targets = (
				87BB892827A59499000B269B /* Todo+RxSwift+UIKit(iOS13) */,
			);
		};
/* End PBXProject section */

/* Begin PBXResourcesBuildPhase section */
		87BB892727A59499000B269B /* Resources */ = {
			isa = PBXResourcesBuildPhase;
			buildActionMask = 2147483647;
			files = (
				87BB893427A5949A000B269B /* Preview Assets.xcassets in Resources */,
				87BB893127A5949A000B269B /* Assets.xcassets in Resources */,
			);
			runOnlyForDeploymentPostprocessing = 0;
		};
/* End PBXResourcesBuildPhase section */

/* Begin PBXSourcesBuildPhase section */
		87BB892527A59499000B269B /* Sources */ = {
			isa = PBXSourcesBuildPhase;
			buildActionMask = 2147483647;
			files = (
				87767A6E27A5B2E8002659D6 /* TodoApp.swift in Sources */,
				87767A7927A5B2E9002659D6 /* RootAction.swift in Sources */,
				87767A7A27A5B2E9002659D6 /* RootEnvironment.swift in Sources */,
				87767A8027A5B2E9002659D6 /* CreateTitleMainTableViewCell.swift in Sources */,
				87767A7F27A5B2E9002659D6 /* ButtonReloadMainTableViewCell.swift in Sources */,
				87767A7227A5B2E9002659D6 /* MainState.swift in Sources */,
				87767A7327A5B2E9002659D6 /* MainAction.swift in Sources */,
				87767A7627A5B2E9002659D6 /* AuthReducer.swift in Sources */,
				87767A7E27A5B2E9002659D6 /* ViewTodoModel.swift in Sources */,
				87767A7427A5B2E9002659D6 /* AuthViewController.swift in Sources */,
				87767A8227A5B2E9002659D6 /* MainTableViewCell.swift in Sources */,
				87767A7027A5B2E9002659D6 /* MainReducer.swift in Sources */,
				87767A7527A5B2E9002659D6 /* AuthState.swift in Sources */,
				87767A7127A5B2E9002659D6 /* MainEnvironment.swift in Sources */,
				87767A8127A5B2E9002659D6 /* ActivityIndicatorViewController.swift in Sources */,
				87767A7D27A5B2E9002659D6 /* RootReducer.swift in Sources */,
				87767A8327A5B2E9002659D6 /* View+.swift in Sources */,
				87767A7C27A5B2E9002659D6 /* RootState.swift in Sources */,
				87767A7B27A5B2E9002659D6 /* RootViewController.swift in Sources */,
				87767A6F27A5B2E9002659D6 /* MainViewController.swift in Sources */,
				87767A7827A5B2E9002659D6 /* AuthEnvironment.swift in Sources */,
				87767A7727A5B2E9002659D6 /* AuthAction.swift in Sources */,
			);
			runOnlyForDeploymentPostprocessing = 0;
		};
/* End PBXSourcesBuildPhase section */

/* Begin XCBuildConfiguration section */
		87BB893527A5949A000B269B /* Debug */ = {
			isa = XCBuildConfiguration;
			buildSettings = {
				ALWAYS_SEARCH_USER_PATHS = NO;
				CLANG_ANALYZER_NONNULL = YES;
				CLANG_ANALYZER_NUMBER_OBJECT_CONVERSION = YES_AGGRESSIVE;
				CLANG_CXX_LANGUAGE_STANDARD = "gnu++17";
				CLANG_CXX_LIBRARY = "libc++";
				CLANG_ENABLE_MODULES = YES;
				CLANG_ENABLE_OBJC_ARC = YES;
				CLANG_ENABLE_OBJC_WEAK = YES;
				CLANG_WARN_BLOCK_CAPTURE_AUTORELEASING = YES;
				CLANG_WARN_BOOL_CONVERSION = YES;
				CLANG_WARN_COMMA = YES;
				CLANG_WARN_CONSTANT_CONVERSION = YES;
				CLANG_WARN_DEPRECATED_OBJC_IMPLEMENTATIONS = YES;
				CLANG_WARN_DIRECT_OBJC_ISA_USAGE = YES_ERROR;
				CLANG_WARN_DOCUMENTATION_COMMENTS = YES;
				CLANG_WARN_EMPTY_BODY = YES;
				CLANG_WARN_ENUM_CONVERSION = YES;
				CLANG_WARN_INFINITE_RECURSION = YES;
				CLANG_WARN_INT_CONVERSION = YES;
				CLANG_WARN_NON_LITERAL_NULL_CONVERSION = YES;
				CLANG_WARN_OBJC_IMPLICIT_RETAIN_SELF = YES;
				CLANG_WARN_OBJC_LITERAL_CONVERSION = YES;
				CLANG_WARN_OBJC_ROOT_CLASS = YES_ERROR;
				CLANG_WARN_QUOTED_INCLUDE_IN_FRAMEWORK_HEADER = YES;
				CLANG_WARN_RANGE_LOOP_ANALYSIS = YES;
				CLANG_WARN_STRICT_PROTOTYPES = YES;
				CLANG_WARN_SUSPICIOUS_MOVE = YES;
				CLANG_WARN_UNGUARDED_AVAILABILITY = YES_AGGRESSIVE;
				CLANG_WARN_UNREACHABLE_CODE = YES;
				CLANG_WARN__DUPLICATE_METHOD_MATCH = YES;
				COPY_PHASE_STRIP = NO;
				DEBUG_INFORMATION_FORMAT = dwarf;
				ENABLE_STRICT_OBJC_MSGSEND = YES;
				ENABLE_TESTABILITY = YES;
				GCC_C_LANGUAGE_STANDARD = gnu11;
				GCC_DYNAMIC_NO_PIC = NO;
				GCC_NO_COMMON_BLOCKS = YES;
				GCC_OPTIMIZATION_LEVEL = 0;
				GCC_PREPROCESSOR_DEFINITIONS = (
					"DEBUG=1",
					"$(inherited)",
				);
				GCC_WARN_64_TO_32_BIT_CONVERSION = YES;
				GCC_WARN_ABOUT_RETURN_TYPE = YES_ERROR;
				GCC_WARN_UNDECLARED_SELECTOR = YES;
				GCC_WARN_UNINITIALIZED_AUTOS = YES_AGGRESSIVE;
				GCC_WARN_UNUSED_FUNCTION = YES;
				GCC_WARN_UNUSED_VARIABLE = YES;
				IPHONEOS_DEPLOYMENT_TARGET = 14.0;
				MTL_ENABLE_DEBUG_INFO = INCLUDE_SOURCE;
				MTL_FAST_MATH = YES;
				ONLY_ACTIVE_ARCH = YES;
				SDKROOT = iphoneos;
				SWIFT_ACTIVE_COMPILATION_CONDITIONS = DEBUG;
				SWIFT_OPTIMIZATION_LEVEL = "-Onone";
			};
			name = Debug;
		};
		87BB893627A5949A000B269B /* Release */ = {
			isa = XCBuildConfiguration;
			buildSettings = {
				ALWAYS_SEARCH_USER_PATHS = NO;
				CLANG_ANALYZER_NONNULL = YES;
				CLANG_ANALYZER_NUMBER_OBJECT_CONVERSION = YES_AGGRESSIVE;
				CLANG_CXX_LANGUAGE_STANDARD = "gnu++17";
				CLANG_CXX_LIBRARY = "libc++";
				CLANG_ENABLE_MODULES = YES;
				CLANG_ENABLE_OBJC_ARC = YES;
				CLANG_ENABLE_OBJC_WEAK = YES;
				CLANG_WARN_BLOCK_CAPTURE_AUTORELEASING = YES;
				CLANG_WARN_BOOL_CONVERSION = YES;
				CLANG_WARN_COMMA = YES;
				CLANG_WARN_CONSTANT_CONVERSION = YES;
				CLANG_WARN_DEPRECATED_OBJC_IMPLEMENTATIONS = YES;
				CLANG_WARN_DIRECT_OBJC_ISA_USAGE = YES_ERROR;
				CLANG_WARN_DOCUMENTATION_COMMENTS = YES;
				CLANG_WARN_EMPTY_BODY = YES;
				CLANG_WARN_ENUM_CONVERSION = YES;
				CLANG_WARN_INFINITE_RECURSION = YES;
				CLANG_WARN_INT_CONVERSION = YES;
				CLANG_WARN_NON_LITERAL_NULL_CONVERSION = YES;
				CLANG_WARN_OBJC_IMPLICIT_RETAIN_SELF = YES;
				CLANG_WARN_OBJC_LITERAL_CONVERSION = YES;
				CLANG_WARN_OBJC_ROOT_CLASS = YES_ERROR;
				CLANG_WARN_QUOTED_INCLUDE_IN_FRAMEWORK_HEADER = YES;
				CLANG_WARN_RANGE_LOOP_ANALYSIS = YES;
				CLANG_WARN_STRICT_PROTOTYPES = YES;
				CLANG_WARN_SUSPICIOUS_MOVE = YES;
				CLANG_WARN_UNGUARDED_AVAILABILITY = YES_AGGRESSIVE;
				CLANG_WARN_UNREACHABLE_CODE = YES;
				CLANG_WARN__DUPLICATE_METHOD_MATCH = YES;
				COPY_PHASE_STRIP = NO;
				DEBUG_INFORMATION_FORMAT = "dwarf-with-dsym";
				ENABLE_NS_ASSERTIONS = NO;
				ENABLE_STRICT_OBJC_MSGSEND = YES;
				GCC_C_LANGUAGE_STANDARD = gnu11;
				GCC_NO_COMMON_BLOCKS = YES;
				GCC_WARN_64_TO_32_BIT_CONVERSION = YES;
				GCC_WARN_ABOUT_RETURN_TYPE = YES_ERROR;
				GCC_WARN_UNDECLARED_SELECTOR = YES;
				GCC_WARN_UNINITIALIZED_AUTOS = YES_AGGRESSIVE;
				GCC_WARN_UNUSED_FUNCTION = YES;
				GCC_WARN_UNUSED_VARIABLE = YES;
				IPHONEOS_DEPLOYMENT_TARGET = 14.0;
				MTL_ENABLE_DEBUG_INFO = NO;
				MTL_FAST_MATH = YES;
				SDKROOT = iphoneos;
				SWIFT_COMPILATION_MODE = wholemodule;
				SWIFT_OPTIMIZATION_LEVEL = "-O";
				VALIDATE_PRODUCT = YES;
			};
			name = Release;
		};
		87BB893827A5949A000B269B /* Debug */ = {
			isa = XCBuildConfiguration;
			buildSettings = {
				ASSETCATALOG_COMPILER_APPICON_NAME = AppIcon;
				ASSETCATALOG_COMPILER_GLOBAL_ACCENT_COLOR_NAME = AccentColor;
				CODE_SIGN_STYLE = Automatic;
				CURRENT_PROJECT_VERSION = 1;
				DEVELOPMENT_ASSET_PATHS = "\"Todo+RxSwift+UIKit(iOS13)/Preview Content\"";
				DEVELOPMENT_TEAM = 2H5PN3F9B6;
				ENABLE_PREVIEWS = YES;
				GENERATE_INFOPLIST_FILE = YES;
				INFOPLIST_KEY_UIApplicationSceneManifest_Generation = YES;
				INFOPLIST_KEY_UIApplicationSupportsIndirectInputEvents = YES;
				INFOPLIST_KEY_UILaunchScreen_Generation = YES;
				INFOPLIST_KEY_UISupportedInterfaceOrientations_iPad = "UIInterfaceOrientationPortrait UIInterfaceOrientationPortraitUpsideDown UIInterfaceOrientationLandscapeLeft UIInterfaceOrientationLandscapeRight";
				INFOPLIST_KEY_UISupportedInterfaceOrientations_iPhone = "UIInterfaceOrientationPortrait UIInterfaceOrientationLandscapeLeft UIInterfaceOrientationLandscapeRight";
				IPHONEOS_DEPLOYMENT_TARGET = 14.0;
				LD_RUNPATH_SEARCH_PATHS = (
					"$(inherited)",
					"@executable_path/Frameworks",
				);
				MARKETING_VERSION = 1.0;
				PRODUCT_BUNDLE_IDENTIFIER = "mike.fullstackswift.Todo-RxSwift-UIKit-iOS13-";
				PRODUCT_NAME = "$(TARGET_NAME)";
				SWIFT_EMIT_LOC_STRINGS = YES;
				SWIFT_VERSION = 5.0;
				TARGETED_DEVICE_FAMILY = "1,2";
			};
			name = Debug;
		};
		87BB893927A5949A000B269B /* Release */ = {
			isa = XCBuildConfiguration;
			buildSettings = {
				ASSETCATALOG_COMPILER_APPICON_NAME = AppIcon;
				ASSETCATALOG_COMPILER_GLOBAL_ACCENT_COLOR_NAME = AccentColor;
				CODE_SIGN_STYLE = Automatic;
				CURRENT_PROJECT_VERSION = 1;
				DEVELOPMENT_ASSET_PATHS = "\"Todo+RxSwift+UIKit(iOS13)/Preview Content\"";
				DEVELOPMENT_TEAM = 2H5PN3F9B6;
				ENABLE_PREVIEWS = YES;
				GENERATE_INFOPLIST_FILE = YES;
				INFOPLIST_KEY_UIApplicationSceneManifest_Generation = YES;
				INFOPLIST_KEY_UIApplicationSupportsIndirectInputEvents = YES;
				INFOPLIST_KEY_UILaunchScreen_Generation = YES;
				INFOPLIST_KEY_UISupportedInterfaceOrientations_iPad = "UIInterfaceOrientationPortrait UIInterfaceOrientationPortraitUpsideDown UIInterfaceOrientationLandscapeLeft UIInterfaceOrientationLandscapeRight";
				INFOPLIST_KEY_UISupportedInterfaceOrientations_iPhone = "UIInterfaceOrientationPortrait UIInterfaceOrientationLandscapeLeft UIInterfaceOrientationLandscapeRight";
				IPHONEOS_DEPLOYMENT_TARGET = 14.0;
				LD_RUNPATH_SEARCH_PATHS = (
					"$(inherited)",
					"@executable_path/Frameworks",
				);
				MARKETING_VERSION = 1.0;
				PRODUCT_BUNDLE_IDENTIFIER = "mike.fullstackswift.Todo-RxSwift-UIKit-iOS13-";
				PRODUCT_NAME = "$(TARGET_NAME)";
				SWIFT_EMIT_LOC_STRINGS = YES;
				SWIFT_VERSION = 5.0;
				TARGETED_DEVICE_FAMILY = "1,2";
			};
			name = Release;
		};
/* End XCBuildConfiguration section */

/* Begin XCConfigurationList section */
		87BB892427A59499000B269B /* Build configuration list for PBXProject "Todo+RxSwift+UIKit(iOS13)" */ = {
			isa = XCConfigurationList;
			buildConfigurations = (
				87BB893527A5949A000B269B /* Debug */,
				87BB893627A5949A000B269B /* Release */,
			);
			defaultConfigurationIsVisible = 0;
			defaultConfigurationName = Release;
		};
		87BB893727A5949A000B269B /* Build configuration list for PBXNativeTarget "Todo+RxSwift+UIKit(iOS13)" */ = {
			isa = XCConfigurationList;
			buildConfigurations = (
				87BB893827A5949A000B269B /* Debug */,
				87BB893927A5949A000B269B /* Release */,
			);
			defaultConfigurationIsVisible = 0;
			defaultConfigurationName = Release;
		};
/* End XCConfigurationList section */

/* Begin XCRemoteSwiftPackageReference section */
		87767A4527A5B237002659D6 /* XCRemoteSwiftPackageReference "rxswift-composable-architecture" */ = {
			isa = XCRemoteSwiftPackageReference;
			repositoryURL = "https://github.com/FullStack-Swift/rxswift-composable-architecture";
			requirement = {
				kind = exactVersion;
				version = 1.0.0;
			};
		};
		87767A4827A5B263002659D6 /* XCRemoteSwiftPackageReference "Networking" */ = {
			isa = XCRemoteSwiftPackageReference;
			repositoryURL = "https://github.com/FullStack-Swift/Networking";
			requirement = {
				kind = exactVersion;
				version = 1.0.0;
			};
		};
		87767A4B27A5B279002659D6 /* XCRemoteSwiftPackageReference "SwiftExtension" */ = {
			isa = XCRemoteSwiftPackageReference;
			repositoryURL = "https://github.com/FullStack-Swift/SwiftExtension";
			requirement = {
				kind = exactVersion;
				version = 1.0.0;
			};
		};
		87767A8427A5B324002659D6 /* XCRemoteSwiftPackageReference "RxSwift" */ = {
			isa = XCRemoteSwiftPackageReference;
			repositoryURL = "https://github.com/ReactiveX/RxSwift.git";
			requirement = {
				kind = exactVersion;
				version = 6.5.0;
			};
		};
/* End XCRemoteSwiftPackageReference section */

/* Begin XCSwiftPackageProductDependency section */
		87767A4627A5B237002659D6 /* ComposableArchitecture */ = {
			isa = XCSwiftPackageProductDependency;
			package = 87767A4527A5B237002659D6 /* XCRemoteSwiftPackageReference "rxswift-composable-architecture" */;
			productName = ComposableArchitecture;
		};
		87767A4C27A5B27A002659D6 /* ConvertSwift */ = {
			isa = XCSwiftPackageProductDependency;
			package = 87767A4B27A5B279002659D6 /* XCRemoteSwiftPackageReference "SwiftExtension" */;
			productName = ConvertSwift;
		};
		87767A8527A5B324002659D6 /* RxCocoa */ = {
			isa = XCSwiftPackageProductDependency;
			package = 87767A8427A5B324002659D6 /* XCRemoteSwiftPackageReference "RxSwift" */;
			productName = RxCocoa;
		};
		87767A8827A5B34F002659D6 /* RxSwiftRequest */ = {
			isa = XCSwiftPackageProductDependency;
			package = 87767A4827A5B263002659D6 /* XCRemoteSwiftPackageReference "Networking" */;
			productName = RxSwiftRequest;
		};
/* End XCSwiftPackageProductDependency section */
	};
	rootObject = 87BB892127A59499000B269B /* Project object */;
}
