// !$*UTF8*$!
{
	archiveVersion = 1;
	classes = {
	};
	objectVersion = 55;
	objects = {

/* Begin PBXBuildFile section */
		875386EE270A0F3000A28251 /* AppDelegate.swift in Sources */ = {isa = PBXBuildFile; fileRef = 875386ED270A0F3000A28251 /* AppDelegate.swift */; };
		875386F7270A0F3100A28251 /* Assets.xcassets in Resources */ = {isa = PBXBuildFile; fileRef = 875386F6270A0F3100A28251 /* Assets.xcassets */; };
		875386FA270A0F3100A28251 /* LaunchScreen.storyboard in Resources */ = {isa = PBXBuildFile; fileRef = 875386F8270A0F3100A28251 /* LaunchScreen.storyboard */; };
		8753871F270A0FB700A28251 /* MainViewController.swift in Sources */ = {isa = PBXBuildFile; fileRef = 87538706270A0FB600A28251 /* MainViewController.swift */; };
		87538720270A0FB700A28251 /* MainReducer.swift in Sources */ = {isa = PBXBuildFile; fileRef = 87538707270A0FB600A28251 /* MainReducer.swift */; };
		87538721270A0FB700A28251 /* MainEnvironment.swift in Sources */ = {isa = PBXBuildFile; fileRef = 87538708270A0FB600A28251 /* MainEnvironment.swift */; };
		87538722270A0FB700A28251 /* MainState.swift in Sources */ = {isa = PBXBuildFile; fileRef = 87538709270A0FB600A28251 /* MainState.swift */; };
		87538723270A0FB700A28251 /* MainAction.swift in Sources */ = {isa = PBXBuildFile; fileRef = 8753870A270A0FB600A28251 /* MainAction.swift */; };
		87538724270A0FB700A28251 /* TodoModel.swift in Sources */ = {isa = PBXBuildFile; fileRef = 8753870C270A0FB700A28251 /* TodoModel.swift */; };
		87538725270A0FB700A28251 /* View+.swift in Sources */ = {isa = PBXBuildFile; fileRef = 8753870E270A0FB700A28251 /* View+.swift */; };
		87538726270A0FB700A28251 /* AuthViewController.swift in Sources */ = {isa = PBXBuildFile; fileRef = 87538710270A0FB700A28251 /* AuthViewController.swift */; };
		87538727270A0FB700A28251 /* AuthState.swift in Sources */ = {isa = PBXBuildFile; fileRef = 87538711270A0FB700A28251 /* AuthState.swift */; };
		87538728270A0FB700A28251 /* AuthReducer.swift in Sources */ = {isa = PBXBuildFile; fileRef = 87538712270A0FB700A28251 /* AuthReducer.swift */; };
		87538729270A0FB700A28251 /* AuthAction.swift in Sources */ = {isa = PBXBuildFile; fileRef = 87538713270A0FB700A28251 /* AuthAction.swift */; };
		8753872A270A0FB700A28251 /* AuthEnvironment.swift in Sources */ = {isa = PBXBuildFile; fileRef = 87538714270A0FB700A28251 /* AuthEnvironment.swift */; };
		8753872B270A0FB700A28251 /* RootAction.swift in Sources */ = {isa = PBXBuildFile; fileRef = 87538716270A0FB700A28251 /* RootAction.swift */; };
		8753872C270A0FB700A28251 /* RootEnvironment.swift in Sources */ = {isa = PBXBuildFile; fileRef = 87538717270A0FB700A28251 /* RootEnvironment.swift */; };
		8753872D270A0FB700A28251 /* RootViewController.swift in Sources */ = {isa = PBXBuildFile; fileRef = 87538718270A0FB700A28251 /* RootViewController.swift */; };
		8753872E270A0FB700A28251 /* RootState.swift in Sources */ = {isa = PBXBuildFile; fileRef = 87538719270A0FB700A28251 /* RootState.swift */; };
		8753872F270A0FB700A28251 /* RootReducer.swift in Sources */ = {isa = PBXBuildFile; fileRef = 8753871A270A0FB700A28251 /* RootReducer.swift */; };
		87538730270A0FB700A28251 /* ButtonReloadMainTableViewCell.swift in Sources */ = {isa = PBXBuildFile; fileRef = 8753871C270A0FB700A28251 /* ButtonReloadMainTableViewCell.swift */; };
		87538731270A0FB700A28251 /* CreateTitleMainTableViewCell.swift in Sources */ = {isa = PBXBuildFile; fileRef = 8753871D270A0FB700A28251 /* CreateTitleMainTableViewCell.swift */; };
		87538732270A0FB700A28251 /* MainTableViewCell.swift in Sources */ = {isa = PBXBuildFile; fileRef = 8753871E270A0FB700A28251 /* MainTableViewCell.swift */; };
		87538741270A10F900A28251 /* Alamofire+.swift in Sources */ = {isa = PBXBuildFile; fileRef = 87538740270A10F900A28251 /* Alamofire+.swift */; };
		87538747270A137800A28251 /* UIButton+OpenCombine.swift in Sources */ = {isa = PBXBuildFile; fileRef = 87538746270A137800A28251 /* UIButton+OpenCombine.swift */; };
		87538749270A13AD00A28251 /* UITextField+OpenCombine.swift in Sources */ = {isa = PBXBuildFile; fileRef = 87538748270A13AD00A28251 /* UITextField+OpenCombine.swift */; };
		8753874B270A140900A28251 /* UITapGestureRecognizer+OpenCombine.swift in Sources */ = {isa = PBXBuildFile; fileRef = 8753874A270A140900A28251 /* UITapGestureRecognizer+OpenCombine.swift */; };
		8753874D270A276300A28251 /* SceneDelegate.swift in Sources */ = {isa = PBXBuildFile; fileRef = 8753874C270A276200A28251 /* SceneDelegate.swift */; };
		87C4B74127A5F13E008B6287 /* BaseViewController.swift in Sources */ = {isa = PBXBuildFile; fileRef = 87C4B74027A5F13E008B6287 /* BaseViewController.swift */; };
		87C4B74327A5F152008B6287 /* BaseMainTableViewCell.swift in Sources */ = {isa = PBXBuildFile; fileRef = 87C4B74227A5F152008B6287 /* BaseMainTableViewCell.swift */; };
		87C4B75427A5F510008B6287 /* ArrayRequestBuilder.swift in Sources */ = {isa = PBXBuildFile; fileRef = 87C4B74627A5F510008B6287 /* ArrayRequestBuilder.swift */; };
		87C4B75527A5F510008B6287 /* MergeRequestBuilder.swift in Sources */ = {isa = PBXBuildFile; fileRef = 87C4B74727A5F510008B6287 /* MergeRequestBuilder.swift */; };
		87C4B75627A5F510008B6287 /* RequestBuilder.swift in Sources */ = {isa = PBXBuildFile; fileRef = 87C4B74827A5F510008B6287 /* RequestBuilder.swift */; };
		87C4B75727A5F510008B6287 /* RequestBuilderProtocol.swift in Sources */ = {isa = PBXBuildFile; fileRef = 87C4B74927A5F510008B6287 /* RequestBuilderProtocol.swift */; };
		87C4B75927A5F510008B6287 /* Request.swift in Sources */ = {isa = PBXBuildFile; fileRef = 87C4B74B27A5F510008B6287 /* Request.swift */; };
		87C4B75A27A5F510008B6287 /* Rbody.swift in Sources */ = {isa = PBXBuildFile; fileRef = 87C4B74D27A5F510008B6287 /* Rbody.swift */; };
		87C4B75B27A5F510008B6287 /* RPath.swift in Sources */ = {isa = PBXBuildFile; fileRef = 87C4B74E27A5F510008B6287 /* RPath.swift */; };
		87C4B75C27A5F510008B6287 /* RUrl.swift in Sources */ = {isa = PBXBuildFile; fileRef = 87C4B74F27A5F510008B6287 /* RUrl.swift */; };
		87C4B75D27A5F510008B6287 /* RBaseURL.swift in Sources */ = {isa = PBXBuildFile; fileRef = 87C4B75027A5F510008B6287 /* RBaseURL.swift */; };
		87C4B75E27A5F510008B6287 /* REncoding.swift in Sources */ = {isa = PBXBuildFile; fileRef = 87C4B75127A5F510008B6287 /* REncoding.swift */; };
		87C4B75F27A5F510008B6287 /* RHeaders.swift in Sources */ = {isa = PBXBuildFile; fileRef = 87C4B75227A5F510008B6287 /* RHeaders.swift */; };
		87C4B76027A5F510008B6287 /* RMethod.swift in Sources */ = {isa = PBXBuildFile; fileRef = 87C4B75327A5F510008B6287 /* RMethod.swift */; };
		87D3336F27A576AF0061D16B /* Alamofire in Frameworks */ = {isa = PBXBuildFile; productRef = 87D3336E27A576AF0061D16B /* Alamofire */; };
		87D3337227A576EA0061D16B /* ConvertSwift in Frameworks */ = {isa = PBXBuildFile; productRef = 87D3337127A576EA0061D16B /* ConvertSwift */; };
		87D3337527A577D70061D16B /* ComposableArchitecture in Frameworks */ = {isa = PBXBuildFile; productRef = 87D3337427A577D70061D16B /* ComposableArchitecture */; };
/* End PBXBuildFile section */

/* Begin PBXFileReference section */
		875386EA270A0F3000A28251 /* Todo+Combine+UIKit(iOS11).app */ = {isa = PBXFileReference; explicitFileType = wrapper.application; includeInIndex = 0; path = "Todo+Combine+UIKit(iOS11).app"; sourceTree = BUILT_PRODUCTS_DIR; };
		875386ED270A0F3000A28251 /* AppDelegate.swift */ = {isa = PBXFileReference; lastKnownFileType = sourcecode.swift; path = AppDelegate.swift; sourceTree = "<group>"; };
		875386F6270A0F3100A28251 /* Assets.xcassets */ = {isa = PBXFileReference; lastKnownFileType = folder.assetcatalog; path = Assets.xcassets; sourceTree = "<group>"; };
		875386F9270A0F3100A28251 /* Base */ = {isa = PBXFileReference; lastKnownFileType = file.storyboard; name = Base; path = Base.lproj/LaunchScreen.storyboard; sourceTree = "<group>"; };
		875386FB270A0F3100A28251 /* Info.plist */ = {isa = PBXFileReference; lastKnownFileType = text.plist.xml; path = Info.plist; sourceTree = "<group>"; };
		87538706270A0FB600A28251 /* MainViewController.swift */ = {isa = PBXFileReference; fileEncoding = 4; lastKnownFileType = sourcecode.swift; path = MainViewController.swift; sourceTree = "<group>"; };
		87538707270A0FB600A28251 /* MainReducer.swift */ = {isa = PBXFileReference; fileEncoding = 4; lastKnownFileType = sourcecode.swift; path = MainReducer.swift; sourceTree = "<group>"; };
		87538708270A0FB600A28251 /* MainEnvironment.swift */ = {isa = PBXFileReference; fileEncoding = 4; lastKnownFileType = sourcecode.swift; path = MainEnvironment.swift; sourceTree = "<group>"; };
		87538709270A0FB600A28251 /* MainState.swift */ = {isa = PBXFileReference; fileEncoding = 4; lastKnownFileType = sourcecode.swift; path = MainState.swift; sourceTree = "<group>"; };
		8753870A270A0FB600A28251 /* MainAction.swift */ = {isa = PBXFileReference; fileEncoding = 4; lastKnownFileType = sourcecode.swift; path = MainAction.swift; sourceTree = "<group>"; };
		8753870C270A0FB700A28251 /* TodoModel.swift */ = {isa = PBXFileReference; fileEncoding = 4; lastKnownFileType = sourcecode.swift; path = TodoModel.swift; sourceTree = "<group>"; };
		8753870E270A0FB700A28251 /* View+.swift */ = {isa = PBXFileReference; fileEncoding = 4; lastKnownFileType = sourcecode.swift; path = "View+.swift"; sourceTree = "<group>"; };
		87538710270A0FB700A28251 /* AuthViewController.swift */ = {isa = PBXFileReference; fileEncoding = 4; lastKnownFileType = sourcecode.swift; path = AuthViewController.swift; sourceTree = "<group>"; };
		87538711270A0FB700A28251 /* AuthState.swift */ = {isa = PBXFileReference; fileEncoding = 4; lastKnownFileType = sourcecode.swift; path = AuthState.swift; sourceTree = "<group>"; };
		87538712270A0FB700A28251 /* AuthReducer.swift */ = {isa = PBXFileReference; fileEncoding = 4; lastKnownFileType = sourcecode.swift; path = AuthReducer.swift; sourceTree = "<group>"; };
		87538713270A0FB700A28251 /* AuthAction.swift */ = {isa = PBXFileReference; fileEncoding = 4; lastKnownFileType = sourcecode.swift; path = AuthAction.swift; sourceTree = "<group>"; };
		87538714270A0FB700A28251 /* AuthEnvironment.swift */ = {isa = PBXFileReference; fileEncoding = 4; lastKnownFileType = sourcecode.swift; path = AuthEnvironment.swift; sourceTree = "<group>"; };
		87538716270A0FB700A28251 /* RootAction.swift */ = {isa = PBXFileReference; fileEncoding = 4; lastKnownFileType = sourcecode.swift; path = RootAction.swift; sourceTree = "<group>"; };
		87538717270A0FB700A28251 /* RootEnvironment.swift */ = {isa = PBXFileReference; fileEncoding = 4; lastKnownFileType = sourcecode.swift; path = RootEnvironment.swift; sourceTree = "<group>"; };
		87538718270A0FB700A28251 /* RootViewController.swift */ = {isa = PBXFileReference; fileEncoding = 4; lastKnownFileType = sourcecode.swift; path = RootViewController.swift; sourceTree = "<group>"; };
		87538719270A0FB700A28251 /* RootState.swift */ = {isa = PBXFileReference; fileEncoding = 4; lastKnownFileType = sourcecode.swift; path = RootState.swift; sourceTree = "<group>"; };
		8753871A270A0FB700A28251 /* RootReducer.swift */ = {isa = PBXFileReference; fileEncoding = 4; lastKnownFileType = sourcecode.swift; path = RootReducer.swift; sourceTree = "<group>"; };
		8753871C270A0FB700A28251 /* ButtonReloadMainTableViewCell.swift */ = {isa = PBXFileReference; fileEncoding = 4; lastKnownFileType = sourcecode.swift; path = ButtonReloadMainTableViewCell.swift; sourceTree = "<group>"; };
		8753871D270A0FB700A28251 /* CreateTitleMainTableViewCell.swift */ = {isa = PBXFileReference; fileEncoding = 4; lastKnownFileType = sourcecode.swift; path = CreateTitleMainTableViewCell.swift; sourceTree = "<group>"; };
		8753871E270A0FB700A28251 /* MainTableViewCell.swift */ = {isa = PBXFileReference; fileEncoding = 4; lastKnownFileType = sourcecode.swift; path = MainTableViewCell.swift; sourceTree = "<group>"; };
		87538740270A10F900A28251 /* Alamofire+.swift */ = {isa = PBXFileReference; lastKnownFileType = sourcecode.swift; path = "Alamofire+.swift"; sourceTree = "<group>"; };
		87538746270A137800A28251 /* UIButton+OpenCombine.swift */ = {isa = PBXFileReference; lastKnownFileType = sourcecode.swift; path = "UIButton+OpenCombine.swift"; sourceTree = "<group>"; };
		87538748270A13AD00A28251 /* UITextField+OpenCombine.swift */ = {isa = PBXFileReference; lastKnownFileType = sourcecode.swift; path = "UITextField+OpenCombine.swift"; sourceTree = "<group>"; };
		8753874A270A140900A28251 /* UITapGestureRecognizer+OpenCombine.swift */ = {isa = PBXFileReference; lastKnownFileType = sourcecode.swift; path = "UITapGestureRecognizer+OpenCombine.swift"; sourceTree = "<group>"; };
		8753874C270A276200A28251 /* SceneDelegate.swift */ = {isa = PBXFileReference; fileEncoding = 4; lastKnownFileType = sourcecode.swift; path = SceneDelegate.swift; sourceTree = "<group>"; };
		87C4B74027A5F13E008B6287 /* BaseViewController.swift */ = {isa = PBXFileReference; lastKnownFileType = sourcecode.swift; path = BaseViewController.swift; sourceTree = "<group>"; };
		87C4B74227A5F152008B6287 /* BaseMainTableViewCell.swift */ = {isa = PBXFileReference; lastKnownFileType = sourcecode.swift; path = BaseMainTableViewCell.swift; sourceTree = "<group>"; };
		87C4B74627A5F510008B6287 /* ArrayRequestBuilder.swift */ = {isa = PBXFileReference; fileEncoding = 4; lastKnownFileType = sourcecode.swift; path = ArrayRequestBuilder.swift; sourceTree = "<group>"; };
		87C4B74727A5F510008B6287 /* MergeRequestBuilder.swift */ = {isa = PBXFileReference; fileEncoding = 4; lastKnownFileType = sourcecode.swift; path = MergeRequestBuilder.swift; sourceTree = "<group>"; };
		87C4B74827A5F510008B6287 /* RequestBuilder.swift */ = {isa = PBXFileReference; fileEncoding = 4; lastKnownFileType = sourcecode.swift; path = RequestBuilder.swift; sourceTree = "<group>"; };
		87C4B74927A5F510008B6287 /* RequestBuilderProtocol.swift */ = {isa = PBXFileReference; fileEncoding = 4; lastKnownFileType = sourcecode.swift; path = RequestBuilderProtocol.swift; sourceTree = "<group>"; };
		87C4B74B27A5F510008B6287 /* Request.swift */ = {isa = PBXFileReference; fileEncoding = 4; lastKnownFileType = sourcecode.swift; path = Request.swift; sourceTree = "<group>"; };
		87C4B74D27A5F510008B6287 /* Rbody.swift */ = {isa = PBXFileReference; fileEncoding = 4; lastKnownFileType = sourcecode.swift; path = Rbody.swift; sourceTree = "<group>"; };
		87C4B74E27A5F510008B6287 /* RPath.swift */ = {isa = PBXFileReference; fileEncoding = 4; lastKnownFileType = sourcecode.swift; path = RPath.swift; sourceTree = "<group>"; };
		87C4B74F27A5F510008B6287 /* RUrl.swift */ = {isa = PBXFileReference; fileEncoding = 4; lastKnownFileType = sourcecode.swift; path = RUrl.swift; sourceTree = "<group>"; };
		87C4B75027A5F510008B6287 /* RBaseURL.swift */ = {isa = PBXFileReference; fileEncoding = 4; lastKnownFileType = sourcecode.swift; path = RBaseURL.swift; sourceTree = "<group>"; };
		87C4B75127A5F510008B6287 /* REncoding.swift */ = {isa = PBXFileReference; fileEncoding = 4; lastKnownFileType = sourcecode.swift; path = REncoding.swift; sourceTree = "<group>"; };
		87C4B75227A5F510008B6287 /* RHeaders.swift */ = {isa = PBXFileReference; fileEncoding = 4; lastKnownFileType = sourcecode.swift; path = RHeaders.swift; sourceTree = "<group>"; };
		87C4B75327A5F510008B6287 /* RMethod.swift */ = {isa = PBXFileReference; fileEncoding = 4; lastKnownFileType = sourcecode.swift; path = RMethod.swift; sourceTree = "<group>"; };
/* End PBXFileReference section */

/* Begin PBXFrameworksBuildPhase section */
		875386E7270A0F3000A28251 /* Frameworks */ = {
			isa = PBXFrameworksBuildPhase;
			buildActionMask = 2147483647;
			files = (
				87D3337227A576EA0061D16B /* ConvertSwift in Frameworks */,
				87D3336F27A576AF0061D16B /* Alamofire in Frameworks */,
				87D3337527A577D70061D16B /* ComposableArchitecture in Frameworks */,
			);
			runOnlyForDeploymentPostprocessing = 0;
		};
/* End PBXFrameworksBuildPhase section */

/* Begin PBXGroup section */
		875386E1270A0F2F00A28251 = {
			isa = PBXGroup;
			children = (
				875386EC270A0F3000A28251 /* Todo+Combine+UIKit(iOS11) */,
				875386EB270A0F3000A28251 /* Products */,
				87D3337327A577D70061D16B /* Frameworks */,
			);
			sourceTree = "<group>";
		};
		875386EB270A0F3000A28251 /* Products */ = {
			isa = PBXGroup;
			children = (
				875386EA270A0F3000A28251 /* Todo+Combine+UIKit(iOS11).app */,
			);
			name = Products;
			sourceTree = "<group>";
		};
		875386EC270A0F3000A28251 /* Todo+Combine+UIKit(iOS11) */ = {
			isa = PBXGroup;
			children = (
				87538704270A0FB600A28251 /* TodoApp */,
				875386ED270A0F3000A28251 /* AppDelegate.swift */,
				8753874C270A276200A28251 /* SceneDelegate.swift */,
				875386F6270A0F3100A28251 /* Assets.xcassets */,
				875386F8270A0F3100A28251 /* LaunchScreen.storyboard */,
				875386FB270A0F3100A28251 /* Info.plist */,
			);
			path = "Todo+Combine+UIKit(iOS11)";
			sourceTree = "<group>";
		};
		87538704270A0FB600A28251 /* TodoApp */ = {
			isa = PBXGroup;
			children = (
				8753870D270A0FB700A28251 /* Extensions */,
				87D3337627A5785E0061D16B /* AppScreens */,
				8753870B270A0FB700A28251 /* Models */,
				8753871B270A0FB700A28251 /* Views */,
			);
			path = TodoApp;
			sourceTree = "<group>";
		};
		87538705270A0FB600A28251 /* MainScreen */ = {
			isa = PBXGroup;
			children = (
				87538706270A0FB600A28251 /* MainViewController.swift */,
				87538709270A0FB600A28251 /* MainState.swift */,
				8753870A270A0FB600A28251 /* MainAction.swift */,
				87538708270A0FB600A28251 /* MainEnvironment.swift */,
				87538707270A0FB600A28251 /* MainReducer.swift */,
			);
			path = MainScreen;
			sourceTree = "<group>";
		};
		8753870B270A0FB700A28251 /* Models */ = {
			isa = PBXGroup;
			children = (
				8753870C270A0FB700A28251 /* TodoModel.swift */,
			);
			path = Models;
			sourceTree = "<group>";
		};
		8753870D270A0FB700A28251 /* Extensions */ = {
			isa = PBXGroup;
			children = (
				87C4B74427A5F510008B6287 /* BuildRequest */,
				87538746270A137800A28251 /* UIButton+OpenCombine.swift */,
				87538748270A13AD00A28251 /* UITextField+OpenCombine.swift */,
				8753874A270A140900A28251 /* UITapGestureRecognizer+OpenCombine.swift */,
				87538740270A10F900A28251 /* Alamofire+.swift */,
				8753870E270A0FB700A28251 /* View+.swift */,
			);
			path = Extensions;
			sourceTree = "<group>";
		};
		8753870F270A0FB700A28251 /* AuthScreen */ = {
			isa = PBXGroup;
			children = (
				87538710270A0FB700A28251 /* AuthViewController.swift */,
				87538711270A0FB700A28251 /* AuthState.swift */,
				87538713270A0FB700A28251 /* AuthAction.swift */,
				87538714270A0FB700A28251 /* AuthEnvironment.swift */,
				87538712270A0FB700A28251 /* AuthReducer.swift */,
			);
			path = AuthScreen;
			sourceTree = "<group>";
		};
		87538715270A0FB700A28251 /* RootScreen */ = {
			isa = PBXGroup;
			children = (
				87538718270A0FB700A28251 /* RootViewController.swift */,
				87538719270A0FB700A28251 /* RootState.swift */,
				87538716270A0FB700A28251 /* RootAction.swift */,
				87538717270A0FB700A28251 /* RootEnvironment.swift */,
				8753871A270A0FB700A28251 /* RootReducer.swift */,
			);
			path = RootScreen;
			sourceTree = "<group>";
		};
		8753871B270A0FB700A28251 /* Views */ = {
			isa = PBXGroup;
			children = (
				8753871C270A0FB700A28251 /* ButtonReloadMainTableViewCell.swift */,
				8753871D270A0FB700A28251 /* CreateTitleMainTableViewCell.swift */,
				8753871E270A0FB700A28251 /* MainTableViewCell.swift */,
				87C4B74027A5F13E008B6287 /* BaseViewController.swift */,
				87C4B74227A5F152008B6287 /* BaseMainTableViewCell.swift */,
			);
			path = Views;
			sourceTree = "<group>";
		};
		87C4B74427A5F510008B6287 /* BuildRequest */ = {
			isa = PBXGroup;
			children = (
				87C4B74527A5F510008B6287 /* Core */,
				87C4B74B27A5F510008B6287 /* Request.swift */,
				87C4B74C27A5F510008B6287 /* RequestBuilds */,
			);
			path = BuildRequest;
			sourceTree = "<group>";
		};
		87C4B74527A5F510008B6287 /* Core */ = {
			isa = PBXGroup;
			children = (
				87C4B74627A5F510008B6287 /* ArrayRequestBuilder.swift */,
				87C4B74727A5F510008B6287 /* MergeRequestBuilder.swift */,
				87C4B74827A5F510008B6287 /* RequestBuilder.swift */,
				87C4B74927A5F510008B6287 /* RequestBuilderProtocol.swift */,
			);
			path = Core;
			sourceTree = "<group>";
		};
		87C4B74C27A5F510008B6287 /* RequestBuilds */ = {
			isa = PBXGroup;
			children = (
				87C4B74D27A5F510008B6287 /* Rbody.swift */,
				87C4B74E27A5F510008B6287 /* RPath.swift */,
				87C4B74F27A5F510008B6287 /* RUrl.swift */,
				87C4B75027A5F510008B6287 /* RBaseURL.swift */,
				87C4B75127A5F510008B6287 /* REncoding.swift */,
				87C4B75227A5F510008B6287 /* RHeaders.swift */,
				87C4B75327A5F510008B6287 /* RMethod.swift */,
			);
			path = RequestBuilds;
			sourceTree = "<group>";
		};
		87D3337327A577D70061D16B /* Frameworks */ = {
			isa = PBXGroup;
			children = (
			);
			name = Frameworks;
			sourceTree = "<group>";
		};
		87D3337627A5785E0061D16B /* AppScreens */ = {
			isa = PBXGroup;
			children = (
				87538705270A0FB600A28251 /* MainScreen */,
				8753870F270A0FB700A28251 /* AuthScreen */,
				87538715270A0FB700A28251 /* RootScreen */,
			);
			path = AppScreens;
			sourceTree = "<group>";
		};
/* End PBXGroup section */

/* Begin PBXNativeTarget section */
		875386E9270A0F3000A28251 /* Todo+Combine+UIKit(iOS11) */ = {
			isa = PBXNativeTarget;
			buildConfigurationList = 875386FE270A0F3100A28251 /* Build configuration list for PBXNativeTarget "Todo+Combine+UIKit(iOS11)" */;
			buildPhases = (
				875386E6270A0F3000A28251 /* Sources */,
				875386E7270A0F3000A28251 /* Frameworks */,
				875386E8270A0F3000A28251 /* Resources */,
			);
			buildRules = (
			);
			dependencies = (
			);
			name = "Todo+Combine+UIKit(iOS11)";
			packageProductDependencies = (
				87D3336E27A576AF0061D16B /* Alamofire */,
				87D3337127A576EA0061D16B /* ConvertSwift */,
				87D3337427A577D70061D16B /* ComposableArchitecture */,
			);
			productName = "Todo+Combine+UIKit(iOS11)";
			productReference = 875386EA270A0F3000A28251 /* Todo+Combine+UIKit(iOS11).app */;
			productType = "com.apple.product-type.application";
		};
/* End PBXNativeTarget section */

/* Begin PBXProject section */
		875386E2270A0F2F00A28251 /* Project object */ = {
			isa = PBXProject;
			attributes = {
				BuildIndependentTargetsInParallel = 1;
				LastSwiftUpdateCheck = 1300;
				LastUpgradeCheck = 1300;
				TargetAttributes = {
					875386E9270A0F3000A28251 = {
						CreatedOnToolsVersion = 13.0;
					};
				};
			};
			buildConfigurationList = 875386E5270A0F2F00A28251 /* Build configuration list for PBXProject "Todo+Combine+UIKit(iOS11)" */;
			compatibilityVersion = "Xcode 13.0";
			developmentRegion = en;
			hasScannedForEncodings = 0;
			knownRegions = (
				en,
				Base,
			);
			mainGroup = 875386E1270A0F2F00A28251;
			packageReferences = (
				87D3336C27A5768F0061D16B /* XCRemoteSwiftPackageReference "combine-core-architecture" */,
				87D3336D27A576AF0061D16B /* XCRemoteSwiftPackageReference "Alamofire" */,
				87D3337027A576EA0061D16B /* XCRemoteSwiftPackageReference "SwiftExtension" */,
			);
			productRefGroup = 875386EB270A0F3000A28251 /* Products */;
			projectDirPath = "";
			projectRoot = "";
			targets = (
				875386E9270A0F3000A28251 /* Todo+Combine+UIKit(iOS11) */,
			);
		};
/* End PBXProject section */

/* Begin PBXResourcesBuildPhase section */
		875386E8270A0F3000A28251 /* Resources */ = {
			isa = PBXResourcesBuildPhase;
			buildActionMask = 2147483647;
			files = (
				875386FA270A0F3100A28251 /* LaunchScreen.storyboard in Resources */,
				875386F7270A0F3100A28251 /* Assets.xcassets in Resources */,
			);
			runOnlyForDeploymentPostprocessing = 0;
		};
/* End PBXResourcesBuildPhase section */

/* Begin PBXSourcesBuildPhase section */
		875386E6270A0F3000A28251 /* Sources */ = {
			isa = PBXSourcesBuildPhase;
			buildActionMask = 2147483647;
			files = (
				87538726270A0FB700A28251 /* AuthViewController.swift in Sources */,
				87538729270A0FB700A28251 /* AuthAction.swift in Sources */,
				8753872F270A0FB700A28251 /* RootReducer.swift in Sources */,
				8753872D270A0FB700A28251 /* RootViewController.swift in Sources */,
				8753872A270A0FB700A28251 /* AuthEnvironment.swift in Sources */,
				87C4B74327A5F152008B6287 /* BaseMainTableViewCell.swift in Sources */,
				87C4B75C27A5F510008B6287 /* RUrl.swift in Sources */,
				87C4B74127A5F13E008B6287 /* BaseViewController.swift in Sources */,
				87C4B75927A5F510008B6287 /* Request.swift in Sources */,
				87538727270A0FB700A28251 /* AuthState.swift in Sources */,
				87C4B75A27A5F510008B6287 /* Rbody.swift in Sources */,
				87C4B75527A5F510008B6287 /* MergeRequestBuilder.swift in Sources */,
				87C4B75427A5F510008B6287 /* ArrayRequestBuilder.swift in Sources */,
				87538724270A0FB700A28251 /* TodoModel.swift in Sources */,
				87C4B75F27A5F510008B6287 /* RHeaders.swift in Sources */,
				87538732270A0FB700A28251 /* MainTableViewCell.swift in Sources */,
				87538731270A0FB700A28251 /* CreateTitleMainTableViewCell.swift in Sources */,
				8753874B270A140900A28251 /* UITapGestureRecognizer+OpenCombine.swift in Sources */,
				87538722270A0FB700A28251 /* MainState.swift in Sources */,
				875386EE270A0F3000A28251 /* AppDelegate.swift in Sources */,
				8753871F270A0FB700A28251 /* MainViewController.swift in Sources */,
				87538741270A10F900A28251 /* Alamofire+.swift in Sources */,
				87538749270A13AD00A28251 /* UITextField+OpenCombine.swift in Sources */,
				87538721270A0FB700A28251 /* MainEnvironment.swift in Sources */,
				87538723270A0FB700A28251 /* MainAction.swift in Sources */,
				87538725270A0FB700A28251 /* View+.swift in Sources */,
				87C4B76027A5F510008B6287 /* RMethod.swift in Sources */,
				87C4B75B27A5F510008B6287 /* RPath.swift in Sources */,
				8753872B270A0FB700A28251 /* RootAction.swift in Sources */,
				87538728270A0FB700A28251 /* AuthReducer.swift in Sources */,
				87538720270A0FB700A28251 /* MainReducer.swift in Sources */,
				87C4B75727A5F510008B6287 /* RequestBuilderProtocol.swift in Sources */,
				8753874D270A276300A28251 /* SceneDelegate.swift in Sources */,
				87538747270A137800A28251 /* UIButton+OpenCombine.swift in Sources */,
				87C4B75627A5F510008B6287 /* RequestBuilder.swift in Sources */,
				87C4B75E27A5F510008B6287 /* REncoding.swift in Sources */,
				87538730270A0FB700A28251 /* ButtonReloadMainTableViewCell.swift in Sources */,
				8753872E270A0FB700A28251 /* RootState.swift in Sources */,
				8753872C270A0FB700A28251 /* RootEnvironment.swift in Sources */,
				87C4B75D27A5F510008B6287 /* RBaseURL.swift in Sources */,
			);
			runOnlyForDeploymentPostprocessing = 0;
		};
/* End PBXSourcesBuildPhase section */

/* Begin PBXVariantGroup section */
		875386F8270A0F3100A28251 /* LaunchScreen.storyboard */ = {
			isa = PBXVariantGroup;
			children = (
				875386F9270A0F3100A28251 /* Base */,
			);
			name = LaunchScreen.storyboard;
			sourceTree = "<group>";
		};
/* End PBXVariantGroup section */

/* Begin XCBuildConfiguration section */
		875386FC270A0F3100A28251 /* Debug */ = {
			isa = XCBuildConfiguration;
			buildSettings = {
				ALWAYS_SEARCH_USER_PATHS = NO;
				CLANG_ANALYZER_NONNULL = YES;
				CLANG_ANALYZER_NUMBER_OBJECT_CONVERSION = YES_AGGRESSIVE;
				CLANG_CXX_LANGUAGE_STANDARD = "gnu++17";
				CLANG_CXX_LIBRARY = "libc++";
				CLANG_ENABLE_MODULES = YES;
				CLANG_ENABLE_OBJC_ARC = YES;
				CLANG_ENABLE_OBJC_WEAK = YES;
				CLANG_WARN_BLOCK_CAPTURE_AUTORELEASING = YES;
				CLANG_WARN_BOOL_CONVERSION = YES;
				CLANG_WARN_COMMA = YES;
				CLANG_WARN_CONSTANT_CONVERSION = YES;
				CLANG_WARN_DEPRECATED_OBJC_IMPLEMENTATIONS = YES;
				CLANG_WARN_DIRECT_OBJC_ISA_USAGE = YES_ERROR;
				CLANG_WARN_DOCUMENTATION_COMMENTS = YES;
				CLANG_WARN_EMPTY_BODY = YES;
				CLANG_WARN_ENUM_CONVERSION = YES;
				CLANG_WARN_INFINITE_RECURSION = YES;
				CLANG_WARN_INT_CONVERSION = YES;
				CLANG_WARN_NON_LITERAL_NULL_CONVERSION = YES;
				CLANG_WARN_OBJC_IMPLICIT_RETAIN_SELF = YES;
				CLANG_WARN_OBJC_LITERAL_CONVERSION = YES;
				CLANG_WARN_OBJC_ROOT_CLASS = YES_ERROR;
				CLANG_WARN_QUOTED_INCLUDE_IN_FRAMEWORK_HEADER = YES;
				CLANG_WARN_RANGE_LOOP_ANALYSIS = YES;
				CLANG_WARN_STRICT_PROTOTYPES = YES;
				CLANG_WARN_SUSPICIOUS_MOVE = YES;
				CLANG_WARN_UNGUARDED_AVAILABILITY = YES_AGGRESSIVE;
				CLANG_WARN_UNREACHABLE_CODE = YES;
				CLANG_WARN__DUPLICATE_METHOD_MATCH = YES;
				COPY_PHASE_STRIP = NO;
				DEBUG_INFORMATION_FORMAT = dwarf;
				ENABLE_STRICT_OBJC_MSGSEND = YES;
				ENABLE_TESTABILITY = YES;
				GCC_C_LANGUAGE_STANDARD = gnu11;
				GCC_DYNAMIC_NO_PIC = NO;
				GCC_NO_COMMON_BLOCKS = YES;
				GCC_OPTIMIZATION_LEVEL = 0;
				GCC_PREPROCESSOR_DEFINITIONS = (
					"DEBUG=1",
					"$(inherited)",
				);
				GCC_WARN_64_TO_32_BIT_CONVERSION = YES;
				GCC_WARN_ABOUT_RETURN_TYPE = YES_ERROR;
				GCC_WARN_UNDECLARED_SELECTOR = YES;
				GCC_WARN_UNINITIALIZED_AUTOS = YES_AGGRESSIVE;
				GCC_WARN_UNUSED_FUNCTION = YES;
				GCC_WARN_UNUSED_VARIABLE = YES;
				IPHONEOS_DEPLOYMENT_TARGET = 15.0;
				MTL_ENABLE_DEBUG_INFO = INCLUDE_SOURCE;
				MTL_FAST_MATH = YES;
				ONLY_ACTIVE_ARCH = YES;
				SDKROOT = iphoneos;
				SWIFT_ACTIVE_COMPILATION_CONDITIONS = DEBUG;
				SWIFT_OPTIMIZATION_LEVEL = "-Onone";
			};
			name = Debug;
		};
		875386FD270A0F3100A28251 /* Release */ = {
			isa = XCBuildConfiguration;
			buildSettings = {
				ALWAYS_SEARCH_USER_PATHS = NO;
				CLANG_ANALYZER_NONNULL = YES;
				CLANG_ANALYZER_NUMBER_OBJECT_CONVERSION = YES_AGGRESSIVE;
				CLANG_CXX_LANGUAGE_STANDARD = "gnu++17";
				CLANG_CXX_LIBRARY = "libc++";
				CLANG_ENABLE_MODULES = YES;
				CLANG_ENABLE_OBJC_ARC = YES;
				CLANG_ENABLE_OBJC_WEAK = YES;
				CLANG_WARN_BLOCK_CAPTURE_AUTORELEASING = YES;
				CLANG_WARN_BOOL_CONVERSION = YES;
				CLANG_WARN_COMMA = YES;
				CLANG_WARN_CONSTANT_CONVERSION = YES;
				CLANG_WARN_DEPRECATED_OBJC_IMPLEMENTATIONS = YES;
				CLANG_WARN_DIRECT_OBJC_ISA_USAGE = YES_ERROR;
				CLANG_WARN_DOCUMENTATION_COMMENTS = YES;
				CLANG_WARN_EMPTY_BODY = YES;
				CLANG_WARN_ENUM_CONVERSION = YES;
				CLANG_WARN_INFINITE_RECURSION = YES;
				CLANG_WARN_INT_CONVERSION = YES;
				CLANG_WARN_NON_LITERAL_NULL_CONVERSION = YES;
				CLANG_WARN_OBJC_IMPLICIT_RETAIN_SELF = YES;
				CLANG_WARN_OBJC_LITERAL_CONVERSION = YES;
				CLANG_WARN_OBJC_ROOT_CLASS = YES_ERROR;
				CLANG_WARN_QUOTED_INCLUDE_IN_FRAMEWORK_HEADER = YES;
				CLANG_WARN_RANGE_LOOP_ANALYSIS = YES;
				CLANG_WARN_STRICT_PROTOTYPES = YES;
				CLANG_WARN_SUSPICIOUS_MOVE = YES;
				CLANG_WARN_UNGUARDED_AVAILABILITY = YES_AGGRESSIVE;
				CLANG_WARN_UNREACHABLE_CODE = YES;
				CLANG_WARN__DUPLICATE_METHOD_MATCH = YES;
				COPY_PHASE_STRIP = NO;
				DEBUG_INFORMATION_FORMAT = "dwarf-with-dsym";
				ENABLE_NS_ASSERTIONS = NO;
				ENABLE_STRICT_OBJC_MSGSEND = YES;
				GCC_C_LANGUAGE_STANDARD = gnu11;
				GCC_NO_COMMON_BLOCKS = YES;
				GCC_WARN_64_TO_32_BIT_CONVERSION = YES;
				GCC_WARN_ABOUT_RETURN_TYPE = YES_ERROR;
				GCC_WARN_UNDECLARED_SELECTOR = YES;
				GCC_WARN_UNINITIALIZED_AUTOS = YES_AGGRESSIVE;
				GCC_WARN_UNUSED_FUNCTION = YES;
				GCC_WARN_UNUSED_VARIABLE = YES;
				IPHONEOS_DEPLOYMENT_TARGET = 15.0;
				MTL_ENABLE_DEBUG_INFO = NO;
				MTL_FAST_MATH = YES;
				SDKROOT = iphoneos;
				SWIFT_COMPILATION_MODE = wholemodule;
				SWIFT_OPTIMIZATION_LEVEL = "-O";
				VALIDATE_PRODUCT = YES;
			};
			name = Release;
		};
		875386FF270A0F3100A28251 /* Debug */ = {
			isa = XCBuildConfiguration;
			buildSettings = {
				ASSETCATALOG_COMPILER_APPICON_NAME = AppIcon;
				ASSETCATALOG_COMPILER_GLOBAL_ACCENT_COLOR_NAME = AccentColor;
				CODE_SIGN_STYLE = Automatic;
				CURRENT_PROJECT_VERSION = 1;
				DEVELOPMENT_TEAM = 2H5PN3F9B6;
				GENERATE_INFOPLIST_FILE = YES;
				INFOPLIST_FILE = "Todo+Combine+UIKit(iOS11)/Info.plist";
				INFOPLIST_KEY_UIApplicationSupportsIndirectInputEvents = YES;
				INFOPLIST_KEY_UILaunchStoryboardName = LaunchScreen;
				INFOPLIST_KEY_UISupportedInterfaceOrientations_iPad = "UIInterfaceOrientationPortrait UIInterfaceOrientationPortraitUpsideDown UIInterfaceOrientationLandscapeLeft UIInterfaceOrientationLandscapeRight";
				INFOPLIST_KEY_UISupportedInterfaceOrientations_iPhone = "UIInterfaceOrientationPortrait UIInterfaceOrientationLandscapeLeft UIInterfaceOrientationLandscapeRight";
				IPHONEOS_DEPLOYMENT_TARGET = 11.0;
				LD_RUNPATH_SEARCH_PATHS = (
					"$(inherited)",
					"@executable_path/Frameworks",
				);
				MARKETING_VERSION = 1.0;
				PRODUCT_BUNDLE_IDENTIFIER = "mike.fullstackswift.Todo-Combine-UIKit-iOS11-";
				PRODUCT_NAME = "$(TARGET_NAME)";
				SWIFT_EMIT_LOC_STRINGS = YES;
				SWIFT_VERSION = 5.0;
				TARGETED_DEVICE_FAMILY = "1,2";
			};
			name = Debug;
		};
		87538700270A0F3100A28251 /* Release */ = {
			isa = XCBuildConfiguration;
			buildSettings = {
				ASSETCATALOG_COMPILER_APPICON_NAME = AppIcon;
				ASSETCATALOG_COMPILER_GLOBAL_ACCENT_COLOR_NAME = AccentColor;
				CODE_SIGN_STYLE = Automatic;
				CURRENT_PROJECT_VERSION = 1;
				DEVELOPMENT_TEAM = 2H5PN3F9B6;
				GENERATE_INFOPLIST_FILE = YES;
				INFOPLIST_FILE = "Todo+Combine+UIKit(iOS11)/Info.plist";
				INFOPLIST_KEY_UIApplicationSupportsIndirectInputEvents = YES;
				INFOPLIST_KEY_UILaunchStoryboardName = LaunchScreen;
				INFOPLIST_KEY_UISupportedInterfaceOrientations_iPad = "UIInterfaceOrientationPortrait UIInterfaceOrientationPortraitUpsideDown UIInterfaceOrientationLandscapeLeft UIInterfaceOrientationLandscapeRight";
				INFOPLIST_KEY_UISupportedInterfaceOrientations_iPhone = "UIInterfaceOrientationPortrait UIInterfaceOrientationLandscapeLeft UIInterfaceOrientationLandscapeRight";
				IPHONEOS_DEPLOYMENT_TARGET = 11.0;
				LD_RUNPATH_SEARCH_PATHS = (
					"$(inherited)",
					"@executable_path/Frameworks",
				);
				MARKETING_VERSION = 1.0;
				PRODUCT_BUNDLE_IDENTIFIER = "mike.fullstackswift.Todo-Combine-UIKit-iOS11-";
				PRODUCT_NAME = "$(TARGET_NAME)";
				SWIFT_EMIT_LOC_STRINGS = YES;
				SWIFT_VERSION = 5.0;
				TARGETED_DEVICE_FAMILY = "1,2";
			};
			name = Release;
		};
/* End XCBuildConfiguration section */

/* Begin XCConfigurationList section */
		875386E5270A0F2F00A28251 /* Build configuration list for PBXProject "Todo+Combine+UIKit(iOS11)" */ = {
			isa = XCConfigurationList;
			buildConfigurations = (
				875386FC270A0F3100A28251 /* Debug */,
				875386FD270A0F3100A28251 /* Release */,
			);
			defaultConfigurationIsVisible = 0;
			defaultConfigurationName = Release;
		};
		875386FE270A0F3100A28251 /* Build configuration list for PBXNativeTarget "Todo+Combine+UIKit(iOS11)" */ = {
			isa = XCConfigurationList;
			buildConfigurations = (
				875386FF270A0F3100A28251 /* Debug */,
				87538700270A0F3100A28251 /* Release */,
			);
			defaultConfigurationIsVisible = 0;
			defaultConfigurationName = Release;
		};
/* End XCConfigurationList section */

/* Begin XCRemoteSwiftPackageReference section */
		87D3336C27A5768F0061D16B /* XCRemoteSwiftPackageReference "combine-core-architecture" */ = {
			isa = XCRemoteSwiftPackageReference;
			repositoryURL = "https://github.com/FullStack-Swift/combine-core-architecture";
			requirement = {
				branch = main;
				kind = branch;
			};
		};
		87D3336D27A576AF0061D16B /* XCRemoteSwiftPackageReference "Alamofire" */ = {
			isa = XCRemoteSwiftPackageReference;
			repositoryURL = "https://github.com/Alamofire/Alamofire";
			requirement = {
				kind = exactVersion;
				version = 5.5.0;
			};
		};
		87D3337027A576EA0061D16B /* XCRemoteSwiftPackageReference "SwiftExtension" */ = {
			isa = XCRemoteSwiftPackageReference;
			repositoryURL = "https://github.com/FullStack-Swift/SwiftExtension";
			requirement = {
				kind = exactVersion;
				version = 1.0.0;
			};
		};
/* End XCRemoteSwiftPackageReference section */

/* Begin XCSwiftPackageProductDependency section */
		87D3336E27A576AF0061D16B /* Alamofire */ = {
			isa = XCSwiftPackageProductDependency;
			package = 87D3336D27A576AF0061D16B /* XCRemoteSwiftPackageReference "Alamofire" */;
			productName = Alamofire;
		};
		87D3337127A576EA0061D16B /* ConvertSwift */ = {
			isa = XCSwiftPackageProductDependency;
			package = 87D3337027A576EA0061D16B /* XCRemoteSwiftPackageReference "SwiftExtension" */;
			productName = ConvertSwift;
		};
		87D3337427A577D70061D16B /* ComposableArchitecture */ = {
			isa = XCSwiftPackageProductDependency;
			package = 87D3336C27A5768F0061D16B /* XCRemoteSwiftPackageReference "combine-core-architecture" */;
			productName = ComposableArchitecture;
		};
/* End XCSwiftPackageProductDependency section */
	};
	rootObject = 875386E2270A0F2F00A28251 /* Project object */;
}
