// !$*UTF8*$!
{
	archiveVersion = 1;
	classes = {
	};
	objectVersion = 55;
	objects = {

/* Begin PBXBuildFile section */
		879A27802707A59000CCD1DD /* AppDelegate.swift in Sources */ = {isa = PBXBuildFile; fileRef = 879A277F2707A59000CCD1DD /* AppDelegate.swift */; };
		879A27822707A59000CCD1DD /* SceneDelegate.swift in Sources */ = {isa = PBXBuildFile; fileRef = 879A27812707A59000CCD1DD /* SceneDelegate.swift */; };
		879A27872707A59000CCD1DD /* Main.storyboard in Resources */ = {isa = PBXBuildFile; fileRef = 879A27852707A59000CCD1DD /* Main.storyboard */; };
		879A27892707A59200CCD1DD /* Assets.xcassets in Resources */ = {isa = PBXBuildFile; fileRef = 879A27882707A59200CCD1DD /* Assets.xcassets */; };
		879A278C2707A59200CCD1DD /* LaunchScreen.storyboard in Resources */ = {isa = PBXBuildFile; fileRef = 879A278A2707A59200CCD1DD /* LaunchScreen.storyboard */; };
		879A27952707A5A600CCD1DD /* AnyRequest in Frameworks */ = {isa = PBXBuildFile; productRef = 879A27942707A5A600CCD1DD /* AnyRequest */; };
		879A27982707A5B300CCD1DD /* Json in Frameworks */ = {isa = PBXBuildFile; productRef = 879A27972707A5B300CCD1DD /* Json */; };
		879A279B2707A5C400CCD1DD /* ConvertSwift in Frameworks */ = {isa = PBXBuildFile; productRef = 879A279A2707A5C400CCD1DD /* ConvertSwift */; };
		879A279E2707A5DF00CCD1DD /* ComposableArchitecture in Frameworks */ = {isa = PBXBuildFile; productRef = 879A279D2707A5DF00CCD1DD /* ComposableArchitecture */; };
		879A27A42707A63500CCD1DD /* RootAction.swift in Sources */ = {isa = PBXBuildFile; fileRef = 879A279F2707A63500CCD1DD /* RootAction.swift */; };
		879A27A52707A63500CCD1DD /* RootViewController.swift in Sources */ = {isa = PBXBuildFile; fileRef = 879A27A02707A63500CCD1DD /* RootViewController.swift */; };
		879A27A62707A63500CCD1DD /* RootEnvironment.swift in Sources */ = {isa = PBXBuildFile; fileRef = 879A27A12707A63500CCD1DD /* RootEnvironment.swift */; };
		879A27A72707A63500CCD1DD /* RootReducer.swift in Sources */ = {isa = PBXBuildFile; fileRef = 879A27A22707A63500CCD1DD /* RootReducer.swift */; };
		879A27A82707A63500CCD1DD /* RootState.swift in Sources */ = {isa = PBXBuildFile; fileRef = 879A27A32707A63500CCD1DD /* RootState.swift */; };
		879A27B12707A79000CCD1DD /* MainAction.swift in Sources */ = {isa = PBXBuildFile; fileRef = 879A27AC2707A79000CCD1DD /* MainAction.swift */; };
		879A27B22707A79000CCD1DD /* MainViewController.swift in Sources */ = {isa = PBXBuildFile; fileRef = 879A27AD2707A79000CCD1DD /* MainViewController.swift */; };
		879A27B32707A79000CCD1DD /* MainEnvironment.swift in Sources */ = {isa = PBXBuildFile; fileRef = 879A27AE2707A79000CCD1DD /* MainEnvironment.swift */; };
		879A27B42707A79000CCD1DD /* MainReducer.swift in Sources */ = {isa = PBXBuildFile; fileRef = 879A27AF2707A79000CCD1DD /* MainReducer.swift */; };
		879A27B52707A79000CCD1DD /* MainState.swift in Sources */ = {isa = PBXBuildFile; fileRef = 879A27B02707A79000CCD1DD /* MainState.swift */; };
		879A27BB2707A79F00CCD1DD /* AuthAction.swift in Sources */ = {isa = PBXBuildFile; fileRef = 879A27B62707A79F00CCD1DD /* AuthAction.swift */; };
		879A27BC2707A79F00CCD1DD /* AuthViewController.swift in Sources */ = {isa = PBXBuildFile; fileRef = 879A27B72707A79F00CCD1DD /* AuthViewController.swift */; };
		879A27BD2707A79F00CCD1DD /* AuthEnvironment.swift in Sources */ = {isa = PBXBuildFile; fileRef = 879A27B82707A79F00CCD1DD /* AuthEnvironment.swift */; };
		879A27BE2707A79F00CCD1DD /* AuthReducer.swift in Sources */ = {isa = PBXBuildFile; fileRef = 879A27B92707A79F00CCD1DD /* AuthReducer.swift */; };
		879A27BF2707A79F00CCD1DD /* AuthState.swift in Sources */ = {isa = PBXBuildFile; fileRef = 879A27BA2707A79F00CCD1DD /* AuthState.swift */; };
		879A27C32707A95700CCD1DD /* TodoModel.swift in Sources */ = {isa = PBXBuildFile; fileRef = 879A27C22707A95700CCD1DD /* TodoModel.swift */; };
		879A27C62707AA6000CCD1DD /* RxCocoa in Frameworks */ = {isa = PBXBuildFile; productRef = 879A27C52707AA6000CCD1DD /* RxCocoa */; };
		87AA304A2707EC7900B68B11 /* CreateTitleMainTableViewCell.swift in Sources */ = {isa = PBXBuildFile; fileRef = 87AA30492707EC7900B68B11 /* CreateTitleMainTableViewCell.swift */; };
		87AA304D2707ECE400B68B11 /* View+.swift in Sources */ = {isa = PBXBuildFile; fileRef = 87AA304C2707ECE400B68B11 /* View+.swift */; };
		87AA304F2707ED0200B68B11 /* ButtonReloadMainTableViewCell.swift in Sources */ = {isa = PBXBuildFile; fileRef = 87AA304E2707ED0200B68B11 /* ButtonReloadMainTableViewCell.swift */; };
		87AA30512707ED2F00B68B11 /* MainTableViewCell.swift in Sources */ = {isa = PBXBuildFile; fileRef = 87AA30502707ED2F00B68B11 /* MainTableViewCell.swift */; };
/* End PBXBuildFile section */

/* Begin PBXFileReference section */
		879A277C2707A59000CCD1DD /* Todo+RxSwift+UIKit(iOS13).app */ = {isa = PBXFileReference; explicitFileType = wrapper.application; includeInIndex = 0; path = "Todo+RxSwift+UIKit(iOS13).app"; sourceTree = BUILT_PRODUCTS_DIR; };
		879A277F2707A59000CCD1DD /* AppDelegate.swift */ = {isa = PBXFileReference; lastKnownFileType = sourcecode.swift; path = AppDelegate.swift; sourceTree = "<group>"; };
		879A27812707A59000CCD1DD /* SceneDelegate.swift */ = {isa = PBXFileReference; lastKnownFileType = sourcecode.swift; path = SceneDelegate.swift; sourceTree = "<group>"; };
		879A27862707A59000CCD1DD /* Base */ = {isa = PBXFileReference; lastKnownFileType = file.storyboard; name = Base; path = Base.lproj/Main.storyboard; sourceTree = "<group>"; };
		879A27882707A59200CCD1DD /* Assets.xcassets */ = {isa = PBXFileReference; lastKnownFileType = folder.assetcatalog; path = Assets.xcassets; sourceTree = "<group>"; };
		879A278B2707A59200CCD1DD /* Base */ = {isa = PBXFileReference; lastKnownFileType = file.storyboard; name = Base; path = Base.lproj/LaunchScreen.storyboard; sourceTree = "<group>"; };
		879A278D2707A59200CCD1DD /* Info.plist */ = {isa = PBXFileReference; lastKnownFileType = text.plist.xml; path = Info.plist; sourceTree = "<group>"; };
		879A279F2707A63500CCD1DD /* RootAction.swift */ = {isa = PBXFileReference; lastKnownFileType = sourcecode.swift; path = RootAction.swift; sourceTree = "<group>"; };
		879A27A02707A63500CCD1DD /* RootViewController.swift */ = {isa = PBXFileReference; lastKnownFileType = sourcecode.swift; path = RootViewController.swift; sourceTree = "<group>"; };
		879A27A12707A63500CCD1DD /* RootEnvironment.swift */ = {isa = PBXFileReference; lastKnownFileType = sourcecode.swift; path = RootEnvironment.swift; sourceTree = "<group>"; };
		879A27A22707A63500CCD1DD /* RootReducer.swift */ = {isa = PBXFileReference; lastKnownFileType = sourcecode.swift; path = RootReducer.swift; sourceTree = "<group>"; };
		879A27A32707A63500CCD1DD /* RootState.swift */ = {isa = PBXFileReference; lastKnownFileType = sourcecode.swift; path = RootState.swift; sourceTree = "<group>"; };
		879A27AC2707A79000CCD1DD /* MainAction.swift */ = {isa = PBXFileReference; lastKnownFileType = sourcecode.swift; path = MainAction.swift; sourceTree = "<group>"; };
		879A27AD2707A79000CCD1DD /* MainViewController.swift */ = {isa = PBXFileReference; lastKnownFileType = sourcecode.swift; path = MainViewController.swift; sourceTree = "<group>"; };
		879A27AE2707A79000CCD1DD /* MainEnvironment.swift */ = {isa = PBXFileReference; lastKnownFileType = sourcecode.swift; path = MainEnvironment.swift; sourceTree = "<group>"; };
		879A27AF2707A79000CCD1DD /* MainReducer.swift */ = {isa = PBXFileReference; lastKnownFileType = sourcecode.swift; path = MainReducer.swift; sourceTree = "<group>"; };
		879A27B02707A79000CCD1DD /* MainState.swift */ = {isa = PBXFileReference; lastKnownFileType = sourcecode.swift; path = MainState.swift; sourceTree = "<group>"; };
		879A27B62707A79F00CCD1DD /* AuthAction.swift */ = {isa = PBXFileReference; lastKnownFileType = sourcecode.swift; path = AuthAction.swift; sourceTree = "<group>"; };
		879A27B72707A79F00CCD1DD /* AuthViewController.swift */ = {isa = PBXFileReference; lastKnownFileType = sourcecode.swift; path = AuthViewController.swift; sourceTree = "<group>"; };
		879A27B82707A79F00CCD1DD /* AuthEnvironment.swift */ = {isa = PBXFileReference; lastKnownFileType = sourcecode.swift; path = AuthEnvironment.swift; sourceTree = "<group>"; };
		879A27B92707A79F00CCD1DD /* AuthReducer.swift */ = {isa = PBXFileReference; lastKnownFileType = sourcecode.swift; path = AuthReducer.swift; sourceTree = "<group>"; };
		879A27BA2707A79F00CCD1DD /* AuthState.swift */ = {isa = PBXFileReference; lastKnownFileType = sourcecode.swift; path = AuthState.swift; sourceTree = "<group>"; };
		879A27C22707A95700CCD1DD /* TodoModel.swift */ = {isa = PBXFileReference; lastKnownFileType = sourcecode.swift; path = TodoModel.swift; sourceTree = "<group>"; };
		87AA30492707EC7900B68B11 /* CreateTitleMainTableViewCell.swift */ = {isa = PBXFileReference; lastKnownFileType = sourcecode.swift; path = CreateTitleMainTableViewCell.swift; sourceTree = "<group>"; };
		87AA304C2707ECE400B68B11 /* View+.swift */ = {isa = PBXFileReference; lastKnownFileType = sourcecode.swift; path = "View+.swift"; sourceTree = "<group>"; };
		87AA304E2707ED0200B68B11 /* ButtonReloadMainTableViewCell.swift */ = {isa = PBXFileReference; lastKnownFileType = sourcecode.swift; path = ButtonReloadMainTableViewCell.swift; sourceTree = "<group>"; };
		87AA30502707ED2F00B68B11 /* MainTableViewCell.swift */ = {isa = PBXFileReference; lastKnownFileType = sourcecode.swift; path = MainTableViewCell.swift; sourceTree = "<group>"; };
/* End PBXFileReference section */

/* Begin PBXFrameworksBuildPhase section */
		879A27792707A59000CCD1DD /* Frameworks */ = {
			isa = PBXFrameworksBuildPhase;
			buildActionMask = 2147483647;
			files = (
				879A27982707A5B300CCD1DD /* Json in Frameworks */,
				879A27952707A5A600CCD1DD /* AnyRequest in Frameworks */,
				879A27C62707AA6000CCD1DD /* RxCocoa in Frameworks */,
				879A279E2707A5DF00CCD1DD /* ComposableArchitecture in Frameworks */,
				879A279B2707A5C400CCD1DD /* ConvertSwift in Frameworks */,
			);
			runOnlyForDeploymentPostprocessing = 0;
		};
/* End PBXFrameworksBuildPhase section */

/* Begin PBXGroup section */
		879A27732707A59000CCD1DD = {
			isa = PBXGroup;
			children = (
				879A277E2707A59000CCD1DD /* Todo+RxSwift+UIKit(iOS13) */,
				879A277D2707A59000CCD1DD /* Products */,
			);
			sourceTree = "<group>";
		};
		879A277D2707A59000CCD1DD /* Products */ = {
			isa = PBXGroup;
			children = (
				879A277C2707A59000CCD1DD /* Todo+RxSwift+UIKit(iOS13).app */,
			);
			name = Products;
			sourceTree = "<group>";
		};
		879A277E2707A59000CCD1DD /* Todo+RxSwift+UIKit(iOS13) */ = {
			isa = PBXGroup;
			children = (
				879A27C02707A93A00CCD1DD /* TodoApp */,
				879A277F2707A59000CCD1DD /* AppDelegate.swift */,
				879A27812707A59000CCD1DD /* SceneDelegate.swift */,
				879A27852707A59000CCD1DD /* Main.storyboard */,
				879A27882707A59200CCD1DD /* Assets.xcassets */,
				879A278A2707A59200CCD1DD /* LaunchScreen.storyboard */,
				879A278D2707A59200CCD1DD /* Info.plist */,
			);
			path = "Todo+RxSwift+UIKit(iOS13)";
			sourceTree = "<group>";
		};
		879A27A92707A64F00CCD1DD /* RootScreen */ = {
			isa = PBXGroup;
			children = (
				879A27A02707A63500CCD1DD /* RootViewController.swift */,
				879A27A32707A63500CCD1DD /* RootState.swift */,
				879A279F2707A63500CCD1DD /* RootAction.swift */,
				879A27A12707A63500CCD1DD /* RootEnvironment.swift */,
				879A27A22707A63500CCD1DD /* RootReducer.swift */,
			);
			path = RootScreen;
			sourceTree = "<group>";
		};
		879A27AA2707A76B00CCD1DD /* AuthScreen */ = {
			isa = PBXGroup;
			children = (
				879A27B72707A79F00CCD1DD /* AuthViewController.swift */,
				879A27BA2707A79F00CCD1DD /* AuthState.swift */,
				879A27B62707A79F00CCD1DD /* AuthAction.swift */,
				879A27B82707A79F00CCD1DD /* AuthEnvironment.swift */,
				879A27B92707A79F00CCD1DD /* AuthReducer.swift */,
			);
			path = AuthScreen;
			sourceTree = "<group>";
		};
		879A27AB2707A77E00CCD1DD /* MainScreen */ = {
			isa = PBXGroup;
			children = (
				879A27AD2707A79000CCD1DD /* MainViewController.swift */,
				879A27B02707A79000CCD1DD /* MainState.swift */,
				879A27AC2707A79000CCD1DD /* MainAction.swift */,
				879A27AE2707A79000CCD1DD /* MainEnvironment.swift */,
				879A27AF2707A79000CCD1DD /* MainReducer.swift */,
			);
			path = MainScreen;
			sourceTree = "<group>";
		};
		879A27C02707A93A00CCD1DD /* TodoApp */ = {
			isa = PBXGroup;
			children = (
				87AA304B2707ECD100B68B11 /* Extensions */,
				87AA30482707EC6300B68B11 /* Views */,
				879A27C12707A94200CCD1DD /* Models */,
				879A27A92707A64F00CCD1DD /* RootScreen */,
				879A27AB2707A77E00CCD1DD /* MainScreen */,
				879A27AA2707A76B00CCD1DD /* AuthScreen */,
			);
			path = TodoApp;
			sourceTree = "<group>";
		};
		879A27C12707A94200CCD1DD /* Models */ = {
			isa = PBXGroup;
			children = (
				879A27C22707A95700CCD1DD /* TodoModel.swift */,
			);
			path = Models;
			sourceTree = "<group>";
		};
		87AA30482707EC6300B68B11 /* Views */ = {
			isa = PBXGroup;
			children = (
				87AA30492707EC7900B68B11 /* CreateTitleMainTableViewCell.swift */,
				87AA304E2707ED0200B68B11 /* ButtonReloadMainTableViewCell.swift */,
				87AA30502707ED2F00B68B11 /* MainTableViewCell.swift */,
			);
			path = Views;
			sourceTree = "<group>";
		};
		87AA304B2707ECD100B68B11 /* Extensions */ = {
			isa = PBXGroup;
			children = (
				87AA304C2707ECE400B68B11 /* View+.swift */,
			);
			path = Extensions;
			sourceTree = "<group>";
		};
/* End PBXGroup section */

/* Begin PBXNativeTarget section */
		879A277B2707A59000CCD1DD /* Todo+RxSwift+UIKit(iOS13) */ = {
			isa = PBXNativeTarget;
			buildConfigurationList = 879A27902707A59200CCD1DD /* Build configuration list for PBXNativeTarget "Todo+RxSwift+UIKit(iOS13)" */;
			buildPhases = (
				879A27782707A59000CCD1DD /* Sources */,
				879A27792707A59000CCD1DD /* Frameworks */,
				879A277A2707A59000CCD1DD /* Resources */,
			);
			buildRules = (
			);
			dependencies = (
			);
			name = "Todo+RxSwift+UIKit(iOS13)";
			packageProductDependencies = (
				879A27942707A5A600CCD1DD /* AnyRequest */,
				879A27972707A5B300CCD1DD /* Json */,
				879A279A2707A5C400CCD1DD /* ConvertSwift */,
				879A279D2707A5DF00CCD1DD /* ComposableArchitecture */,
				879A27C52707AA6000CCD1DD /* RxCocoa */,
			);
			productName = "Todo+RxSwift+UIKit(iOS13)";
			productReference = 879A277C2707A59000CCD1DD /* Todo+RxSwift+UIKit(iOS13).app */;
			productType = "com.apple.product-type.application";
		};
/* End PBXNativeTarget section */

/* Begin PBXProject section */
		879A27742707A59000CCD1DD /* Project object */ = {
			isa = PBXProject;
			attributes = {
				BuildIndependentTargetsInParallel = 1;
				LastSwiftUpdateCheck = 1300;
				LastUpgradeCheck = 1300;
				TargetAttributes = {
					879A277B2707A59000CCD1DD = {
						CreatedOnToolsVersion = 13.0;
					};
				};
			};
			buildConfigurationList = 879A27772707A59000CCD1DD /* Build configuration list for PBXProject "Todo+RxSwift+UIKit(iOS13)" */;
			compatibilityVersion = "Xcode 13.0";
			developmentRegion = en;
			hasScannedForEncodings = 0;
			knownRegions = (
				en,
				Base,
			);
			mainGroup = 879A27732707A59000CCD1DD;
			packageReferences = (
				879A27932707A5A600CCD1DD /* XCRemoteSwiftPackageReference "AnyRequest" */,
				879A27962707A5B300CCD1DD /* XCRemoteSwiftPackageReference "Json" */,
				879A27992707A5C400CCD1DD /* XCRemoteSwiftPackageReference "SwiftConvert" */,
				879A279C2707A5DF00CCD1DD /* XCRemoteSwiftPackageReference "rxswift-composable-architecture" */,
				879A27C42707AA6000CCD1DD /* XCRemoteSwiftPackageReference "RxSwift" */,
			);
			productRefGroup = 879A277D2707A59000CCD1DD /* Products */;
			projectDirPath = "";
			projectRoot = "";
			targets = (
				879A277B2707A59000CCD1DD /* Todo+RxSwift+UIKit(iOS13) */,
			);
		};
/* End PBXProject section */

/* Begin PBXResourcesBuildPhase section */
		879A277A2707A59000CCD1DD /* Resources */ = {
			isa = PBXResourcesBuildPhase;
			buildActionMask = 2147483647;
			files = (
				879A278C2707A59200CCD1DD /* LaunchScreen.storyboard in Resources */,
				879A27892707A59200CCD1DD /* Assets.xcassets in Resources */,
				879A27872707A59000CCD1DD /* Main.storyboard in Resources */,
			);
			runOnlyForDeploymentPostprocessing = 0;
		};
/* End PBXResourcesBuildPhase section */

/* Begin PBXSourcesBuildPhase section */
		879A27782707A59000CCD1DD /* Sources */ = {
			isa = PBXSourcesBuildPhase;
			buildActionMask = 2147483647;
			files = (
				87AA30512707ED2F00B68B11 /* MainTableViewCell.swift in Sources */,
				879A27A52707A63500CCD1DD /* RootViewController.swift in Sources */,
				879A27A62707A63500CCD1DD /* RootEnvironment.swift in Sources */,
				879A27BD2707A79F00CCD1DD /* AuthEnvironment.swift in Sources */,
				87AA304A2707EC7900B68B11 /* CreateTitleMainTableViewCell.swift in Sources */,
				879A27BF2707A79F00CCD1DD /* AuthState.swift in Sources */,
				879A27B42707A79000CCD1DD /* MainReducer.swift in Sources */,
				879A27A42707A63500CCD1DD /* RootAction.swift in Sources */,
				879A27B52707A79000CCD1DD /* MainState.swift in Sources */,
				87AA304D2707ECE400B68B11 /* View+.swift in Sources */,
				879A27802707A59000CCD1DD /* AppDelegate.swift in Sources */,
				879A27BB2707A79F00CCD1DD /* AuthAction.swift in Sources */,
				879A27C32707A95700CCD1DD /* TodoModel.swift in Sources */,
				879A27BE2707A79F00CCD1DD /* AuthReducer.swift in Sources */,
				879A27B32707A79000CCD1DD /* MainEnvironment.swift in Sources */,
				879A27822707A59000CCD1DD /* SceneDelegate.swift in Sources */,
				879A27A72707A63500CCD1DD /* RootReducer.swift in Sources */,
				879A27BC2707A79F00CCD1DD /* AuthViewController.swift in Sources */,
				879A27B22707A79000CCD1DD /* MainViewController.swift in Sources */,
				87AA304F2707ED0200B68B11 /* ButtonReloadMainTableViewCell.swift in Sources */,
				879A27B12707A79000CCD1DD /* MainAction.swift in Sources */,
				879A27A82707A63500CCD1DD /* RootState.swift in Sources */,
			);
			runOnlyForDeploymentPostprocessing = 0;
		};
/* End PBXSourcesBuildPhase section */

/* Begin PBXVariantGroup section */
		879A27852707A59000CCD1DD /* Main.storyboard */ = {
			isa = PBXVariantGroup;
			children = (
				879A27862707A59000CCD1DD /* Base */,
			);
			name = Main.storyboard;
			sourceTree = "<group>";
		};
		879A278A2707A59200CCD1DD /* LaunchScreen.storyboard */ = {
			isa = PBXVariantGroup;
			children = (
				879A278B2707A59200CCD1DD /* Base */,
			);
			name = LaunchScreen.storyboard;
			sourceTree = "<group>";
		};
/* End PBXVariantGroup section */

/* Begin XCBuildConfiguration section */
		879A278E2707A59200CCD1DD /* Debug */ = {
			isa = XCBuildConfiguration;
			buildSettings = {
				ALWAYS_SEARCH_USER_PATHS = NO;
				CLANG_ANALYZER_NONNULL = YES;
				CLANG_ANALYZER_NUMBER_OBJECT_CONVERSION = YES_AGGRESSIVE;
				CLANG_CXX_LANGUAGE_STANDARD = "gnu++17";
				CLANG_CXX_LIBRARY = "libc++";
				CLANG_ENABLE_MODULES = YES;
				CLANG_ENABLE_OBJC_ARC = YES;
				CLANG_ENABLE_OBJC_WEAK = YES;
				CLANG_WARN_BLOCK_CAPTURE_AUTORELEASING = YES;
				CLANG_WARN_BOOL_CONVERSION = YES;
				CLANG_WARN_COMMA = YES;
				CLANG_WARN_CONSTANT_CONVERSION = YES;
				CLANG_WARN_DEPRECATED_OBJC_IMPLEMENTATIONS = YES;
				CLANG_WARN_DIRECT_OBJC_ISA_USAGE = YES_ERROR;
				CLANG_WARN_DOCUMENTATION_COMMENTS = YES;
				CLANG_WARN_EMPTY_BODY = YES;
				CLANG_WARN_ENUM_CONVERSION = YES;
				CLANG_WARN_INFINITE_RECURSION = YES;
				CLANG_WARN_INT_CONVERSION = YES;
				CLANG_WARN_NON_LITERAL_NULL_CONVERSION = YES;
				CLANG_WARN_OBJC_IMPLICIT_RETAIN_SELF = YES;
				CLANG_WARN_OBJC_LITERAL_CONVERSION = YES;
				CLANG_WARN_OBJC_ROOT_CLASS = YES_ERROR;
				CLANG_WARN_QUOTED_INCLUDE_IN_FRAMEWORK_HEADER = YES;
				CLANG_WARN_RANGE_LOOP_ANALYSIS = YES;
				CLANG_WARN_STRICT_PROTOTYPES = YES;
				CLANG_WARN_SUSPICIOUS_MOVE = YES;
				CLANG_WARN_UNGUARDED_AVAILABILITY = YES_AGGRESSIVE;
				CLANG_WARN_UNREACHABLE_CODE = YES;
				CLANG_WARN__DUPLICATE_METHOD_MATCH = YES;
				COPY_PHASE_STRIP = NO;
				DEBUG_INFORMATION_FORMAT = dwarf;
				ENABLE_STRICT_OBJC_MSGSEND = YES;
				ENABLE_TESTABILITY = YES;
				GCC_C_LANGUAGE_STANDARD = gnu11;
				GCC_DYNAMIC_NO_PIC = NO;
				GCC_NO_COMMON_BLOCKS = YES;
				GCC_OPTIMIZATION_LEVEL = 0;
				GCC_PREPROCESSOR_DEFINITIONS = (
					"DEBUG=1",
					"$(inherited)",
				);
				GCC_WARN_64_TO_32_BIT_CONVERSION = YES;
				GCC_WARN_ABOUT_RETURN_TYPE = YES_ERROR;
				GCC_WARN_UNDECLARED_SELECTOR = YES;
				GCC_WARN_UNINITIALIZED_AUTOS = YES_AGGRESSIVE;
				GCC_WARN_UNUSED_FUNCTION = YES;
				GCC_WARN_UNUSED_VARIABLE = YES;
				IPHONEOS_DEPLOYMENT_TARGET = 15.0;
				MTL_ENABLE_DEBUG_INFO = INCLUDE_SOURCE;
				MTL_FAST_MATH = YES;
				ONLY_ACTIVE_ARCH = YES;
				SDKROOT = iphoneos;
				SWIFT_ACTIVE_COMPILATION_CONDITIONS = DEBUG;
				SWIFT_OPTIMIZATION_LEVEL = "-Onone";
			};
			name = Debug;
		};
		879A278F2707A59200CCD1DD /* Release */ = {
			isa = XCBuildConfiguration;
			buildSettings = {
				ALWAYS_SEARCH_USER_PATHS = NO;
				CLANG_ANALYZER_NONNULL = YES;
				CLANG_ANALYZER_NUMBER_OBJECT_CONVERSION = YES_AGGRESSIVE;
				CLANG_CXX_LANGUAGE_STANDARD = "gnu++17";
				CLANG_CXX_LIBRARY = "libc++";
				CLANG_ENABLE_MODULES = YES;
				CLANG_ENABLE_OBJC_ARC = YES;
				CLANG_ENABLE_OBJC_WEAK = YES;
				CLANG_WARN_BLOCK_CAPTURE_AUTORELEASING = YES;
				CLANG_WARN_BOOL_CONVERSION = YES;
				CLANG_WARN_COMMA = YES;
				CLANG_WARN_CONSTANT_CONVERSION = YES;
				CLANG_WARN_DEPRECATED_OBJC_IMPLEMENTATIONS = YES;
				CLANG_WARN_DIRECT_OBJC_ISA_USAGE = YES_ERROR;
				CLANG_WARN_DOCUMENTATION_COMMENTS = YES;
				CLANG_WARN_EMPTY_BODY = YES;
				CLANG_WARN_ENUM_CONVERSION = YES;
				CLANG_WARN_INFINITE_RECURSION = YES;
				CLANG_WARN_INT_CONVERSION = YES;
				CLANG_WARN_NON_LITERAL_NULL_CONVERSION = YES;
				CLANG_WARN_OBJC_IMPLICIT_RETAIN_SELF = YES;
				CLANG_WARN_OBJC_LITERAL_CONVERSION = YES;
				CLANG_WARN_OBJC_ROOT_CLASS = YES_ERROR;
				CLANG_WARN_QUOTED_INCLUDE_IN_FRAMEWORK_HEADER = YES;
				CLANG_WARN_RANGE_LOOP_ANALYSIS = YES;
				CLANG_WARN_STRICT_PROTOTYPES = YES;
				CLANG_WARN_SUSPICIOUS_MOVE = YES;
				CLANG_WARN_UNGUARDED_AVAILABILITY = YES_AGGRESSIVE;
				CLANG_WARN_UNREACHABLE_CODE = YES;
				CLANG_WARN__DUPLICATE_METHOD_MATCH = YES;
				COPY_PHASE_STRIP = NO;
				DEBUG_INFORMATION_FORMAT = "dwarf-with-dsym";
				ENABLE_NS_ASSERTIONS = NO;
				ENABLE_STRICT_OBJC_MSGSEND = YES;
				GCC_C_LANGUAGE_STANDARD = gnu11;
				GCC_NO_COMMON_BLOCKS = YES;
				GCC_WARN_64_TO_32_BIT_CONVERSION = YES;
				GCC_WARN_ABOUT_RETURN_TYPE = YES_ERROR;
				GCC_WARN_UNDECLARED_SELECTOR = YES;
				GCC_WARN_UNINITIALIZED_AUTOS = YES_AGGRESSIVE;
				GCC_WARN_UNUSED_FUNCTION = YES;
				GCC_WARN_UNUSED_VARIABLE = YES;
				IPHONEOS_DEPLOYMENT_TARGET = 15.0;
				MTL_ENABLE_DEBUG_INFO = NO;
				MTL_FAST_MATH = YES;
				SDKROOT = iphoneos;
				SWIFT_COMPILATION_MODE = wholemodule;
				SWIFT_OPTIMIZATION_LEVEL = "-O";
				VALIDATE_PRODUCT = YES;
			};
			name = Release;
		};
		879A27912707A59200CCD1DD /* Debug */ = {
			isa = XCBuildConfiguration;
			buildSettings = {
				ASSETCATALOG_COMPILER_APPICON_NAME = AppIcon;
				ASSETCATALOG_COMPILER_GLOBAL_ACCENT_COLOR_NAME = AccentColor;
				CODE_SIGN_STYLE = Automatic;
				CURRENT_PROJECT_VERSION = 1;
				DEVELOPMENT_TEAM = 2H5PN3F9B6;
				GENERATE_INFOPLIST_FILE = YES;
				INFOPLIST_FILE = "Todo+RxSwift+UIKit(iOS13)/Info.plist";
				INFOPLIST_KEY_UIApplicationSupportsIndirectInputEvents = YES;
				INFOPLIST_KEY_UILaunchStoryboardName = LaunchScreen;
				INFOPLIST_KEY_UIMainStoryboardFile = Main;
				INFOPLIST_KEY_UISupportedInterfaceOrientations_iPad = "UIInterfaceOrientationPortrait UIInterfaceOrientationPortraitUpsideDown UIInterfaceOrientationLandscapeLeft UIInterfaceOrientationLandscapeRight";
				INFOPLIST_KEY_UISupportedInterfaceOrientations_iPhone = "UIInterfaceOrientationPortrait UIInterfaceOrientationLandscapeLeft UIInterfaceOrientationLandscapeRight";
				IPHONEOS_DEPLOYMENT_TARGET = 13.0;
				LD_RUNPATH_SEARCH_PATHS = (
					"$(inherited)",
					"@executable_path/Frameworks",
				);
				MARKETING_VERSION = 1.0;
				PRODUCT_BUNDLE_IDENTIFIER = "mike.fullstackswift.Todo-RxSwift-UIKit-iOS13-";
				PRODUCT_NAME = "$(TARGET_NAME)";
				SWIFT_EMIT_LOC_STRINGS = YES;
				SWIFT_VERSION = 5.0;
				TARGETED_DEVICE_FAMILY = "1,2";
			};
			name = Debug;
		};
		879A27922707A59200CCD1DD /* Release */ = {
			isa = XCBuildConfiguration;
			buildSettings = {
				ASSETCATALOG_COMPILER_APPICON_NAME = AppIcon;
				ASSETCATALOG_COMPILER_GLOBAL_ACCENT_COLOR_NAME = AccentColor;
				CODE_SIGN_STYLE = Automatic;
				CURRENT_PROJECT_VERSION = 1;
				DEVELOPMENT_TEAM = 2H5PN3F9B6;
				GENERATE_INFOPLIST_FILE = YES;
				INFOPLIST_FILE = "Todo+RxSwift+UIKit(iOS13)/Info.plist";
				INFOPLIST_KEY_UIApplicationSupportsIndirectInputEvents = YES;
				INFOPLIST_KEY_UILaunchStoryboardName = LaunchScreen;
				INFOPLIST_KEY_UIMainStoryboardFile = Main;
				INFOPLIST_KEY_UISupportedInterfaceOrientations_iPad = "UIInterfaceOrientationPortrait UIInterfaceOrientationPortraitUpsideDown UIInterfaceOrientationLandscapeLeft UIInterfaceOrientationLandscapeRight";
				INFOPLIST_KEY_UISupportedInterfaceOrientations_iPhone = "UIInterfaceOrientationPortrait UIInterfaceOrientationLandscapeLeft UIInterfaceOrientationLandscapeRight";
				IPHONEOS_DEPLOYMENT_TARGET = 13.0;
				LD_RUNPATH_SEARCH_PATHS = (
					"$(inherited)",
					"@executable_path/Frameworks",
				);
				MARKETING_VERSION = 1.0;
				PRODUCT_BUNDLE_IDENTIFIER = "mike.fullstackswift.Todo-RxSwift-UIKit-iOS13-";
				PRODUCT_NAME = "$(TARGET_NAME)";
				SWIFT_EMIT_LOC_STRINGS = YES;
				SWIFT_VERSION = 5.0;
				TARGETED_DEVICE_FAMILY = "1,2";
			};
			name = Release;
		};
/* End XCBuildConfiguration section */

/* Begin XCConfigurationList section */
		879A27772707A59000CCD1DD /* Build configuration list for PBXProject "Todo+RxSwift+UIKit(iOS13)" */ = {
			isa = XCConfigurationList;
			buildConfigurations = (
				879A278E2707A59200CCD1DD /* Debug */,
				879A278F2707A59200CCD1DD /* Release */,
			);
			defaultConfigurationIsVisible = 0;
			defaultConfigurationName = Release;
		};
		879A27902707A59200CCD1DD /* Build configuration list for PBXNativeTarget "Todo+RxSwift+UIKit(iOS13)" */ = {
			isa = XCConfigurationList;
			buildConfigurations = (
				879A27912707A59200CCD1DD /* Debug */,
				879A27922707A59200CCD1DD /* Release */,
			);
			defaultConfigurationIsVisible = 0;
			defaultConfigurationName = Release;
		};
/* End XCConfigurationList section */

/* Begin XCRemoteSwiftPackageReference section */
		879A27932707A5A600CCD1DD /* XCRemoteSwiftPackageReference "AnyRequest" */ = {
			isa = XCRemoteSwiftPackageReference;
			repositoryURL = "https://github.com/FullStack-Swift/AnyRequest";
			requirement = {
				branch = main;
				kind = branch;
			};
		};
		879A27962707A5B300CCD1DD /* XCRemoteSwiftPackageReference "Json" */ = {
			isa = XCRemoteSwiftPackageReference;
			repositoryURL = "https://github.com/FullStack-Swift/Json";
			requirement = {
				branch = main;
				kind = branch;
			};
		};
		879A27992707A5C400CCD1DD /* XCRemoteSwiftPackageReference "SwiftConvert" */ = {
			isa = XCRemoteSwiftPackageReference;
			repositoryURL = "https://github.com/FullStack-Swift/SwiftConvert.git";
			requirement = {
				branch = main;
				kind = branch;
			};
		};
		879A279C2707A5DF00CCD1DD /* XCRemoteSwiftPackageReference "rxswift-composable-architecture" */ = {
			isa = XCRemoteSwiftPackageReference;
			repositoryURL = "https://github.com/FullStack-Swift/rxswift-composable-architecture.git";
			requirement = {
				branch = main;
				kind = branch;
			};
		};
		879A27C42707AA6000CCD1DD /* XCRemoteSwiftPackageReference "RxSwift" */ = {
			isa = XCRemoteSwiftPackageReference;
			repositoryURL = "https://github.com/ReactiveX/RxSwift.git";
			requirement = {
				kind = upToNextMajorVersion;
				minimumVersion = 6.0.0;
			};
		};
/* End XCRemoteSwiftPackageReference section */

/* Begin XCSwiftPackageProductDependency section */
		879A27942707A5A600CCD1DD /* AnyRequest */ = {
			isa = XCSwiftPackageProductDependency;
			package = 879A27932707A5A600CCD1DD /* XCRemoteSwiftPackageReference "AnyRequest" */;
			productName = AnyRequest;
		};
		879A27972707A5B300CCD1DD /* Json */ = {
			isa = XCSwiftPackageProductDependency;
			package = 879A27962707A5B300CCD1DD /* XCRemoteSwiftPackageReference "Json" */;
			productName = Json;
		};
		879A279A2707A5C400CCD1DD /* ConvertSwift */ = {
			isa = XCSwiftPackageProductDependency;
			package = 879A27992707A5C400CCD1DD /* XCRemoteSwiftPackageReference "SwiftConvert" */;
			productName = ConvertSwift;
		};
		879A279D2707A5DF00CCD1DD /* ComposableArchitecture */ = {
			isa = XCSwiftPackageProductDependency;
			package = 879A279C2707A5DF00CCD1DD /* XCRemoteSwiftPackageReference "rxswift-composable-architecture" */;
			productName = ComposableArchitecture;
		};
		879A27C52707AA6000CCD1DD /* RxCocoa */ = {
			isa = XCSwiftPackageProductDependency;
			package = 879A27C42707AA6000CCD1DD /* XCRemoteSwiftPackageReference "RxSwift" */;
			productName = RxCocoa;
		};
/* End XCSwiftPackageProductDependency section */
	};
	rootObject = 879A27742707A59000CCD1DD /* Project object */;
}
